// !$*UTF8*$!
{
	archiveVersion = 1;
	classes = {
	};
	objectVersion = 52;
	objects = {

/* Begin PBXBuildFile section */
		4002B5AF254BA3220083F92C /* Fontspring-DEMO-proximanova-medium.otf in Resources */ = {isa = PBXBuildFile; fileRef = 4002B5AE254BA3170083F92C /* Fontspring-DEMO-proximanova-medium.otf */; };
		4002B5B0254BA3250083F92C /* Fontspring-DEMO-proximanova-regular.otf in Resources */ = {isa = PBXBuildFile; fileRef = 4002B5AD254BA3170083F92C /* Fontspring-DEMO-proximanova-regular.otf */; };
		4002B5B1254BA3270083F92C /* Fontspring-DEMO-proximanova-semibold.otf in Resources */ = {isa = PBXBuildFile; fileRef = 4002B5AC254BA3170083F92C /* Fontspring-DEMO-proximanova-semibold.otf */; };
		400488E1257DC32B000D0BD5 /* GroupsListView.swift in Sources */ = {isa = PBXBuildFile; fileRef = 400488E0257DC32B000D0BD5 /* GroupsListView.swift */; };
		400488E4257DCAFC000D0BD5 /* ToggleView.swift in Sources */ = {isa = PBXBuildFile; fileRef = 400488E3257DCAFC000D0BD5 /* ToggleView.swift */; };
		402CA536254CCBCB00E06A12 /* UserShowroomAlternative.swift in Sources */ = {isa = PBXBuildFile; fileRef = 402CA535254CCBCB00E06A12 /* UserShowroomAlternative.swift */; };
		402E29EE256297A500B2CA3D /* CollectionView.swift in Sources */ = {isa = PBXBuildFile; fileRef = 402E29ED256297A500B2CA3D /* CollectionView.swift */; };
		403160C625ACCE9300317BB4 /* marker.png in Resources */ = {isa = PBXBuildFile; fileRef = 403160C525ACCE9300317BB4 /* marker.png */; };
		4039E287259D870100C4F3C1 /* WaterfallGrid in Frameworks */ = {isa = PBXBuildFile; productRef = 4039E286259D870100C4F3C1 /* WaterfallGrid */; };
		404DA98D257FA25B00E55832 /* UsersMainView.swift in Sources */ = {isa = PBXBuildFile; fileRef = 404DA98C257FA25B00E55832 /* UsersMainView.swift */; };
		404DA9AF2581A0A200E55832 /* SegmentedPicker.swift in Sources */ = {isa = PBXBuildFile; fileRef = 404DA9AE2581A0A200E55832 /* SegmentedPicker.swift */; };
		40501DD72547975D00E4D65E /* SearchDeactivatedView.swift in Sources */ = {isa = PBXBuildFile; fileRef = 40501DD62547975D00E4D65E /* SearchDeactivatedView.swift */; };
		40501DD92547993900E4D65E /* rocket.png in Resources */ = {isa = PBXBuildFile; fileRef = 40501DD82547993900E4D65E /* rocket.png */; };
		40501DDE2548F2B900E4D65E /* SF-Pro.ttf in Resources */ = {isa = PBXBuildFile; fileRef = 40501DDD2548F2B400E4D65E /* SF-Pro.ttf */; };
		40501DF12548F45200E4D65E /* SF-Pro-Text-Medium.otf in Resources */ = {isa = PBXBuildFile; fileRef = 40501DDF2548F45000E4D65E /* SF-Pro-Text-Medium.otf */; };
		40501DF22548F45200E4D65E /* SF-Pro-Text-BlackItalic.otf in Resources */ = {isa = PBXBuildFile; fileRef = 40501DE02548F45000E4D65E /* SF-Pro-Text-BlackItalic.otf */; };
		40501DF32548F45200E4D65E /* SF-Pro-Text-SemiboldItalic.otf in Resources */ = {isa = PBXBuildFile; fileRef = 40501DE12548F45000E4D65E /* SF-Pro-Text-SemiboldItalic.otf */; };
		40501DF42548F45200E4D65E /* SF-Pro-Text-Bold.otf in Resources */ = {isa = PBXBuildFile; fileRef = 40501DE22548F45000E4D65E /* SF-Pro-Text-Bold.otf */; };
		40501DF52548F45200E4D65E /* SF-Pro-Text-Semibold.otf in Resources */ = {isa = PBXBuildFile; fileRef = 40501DE32548F45000E4D65E /* SF-Pro-Text-Semibold.otf */; };
		40501DF62548F45200E4D65E /* SF-Pro-Text-HeavyItalic.otf in Resources */ = {isa = PBXBuildFile; fileRef = 40501DE42548F45000E4D65E /* SF-Pro-Text-HeavyItalic.otf */; };
		40501DF72548F45200E4D65E /* SF-Pro-Text-Black.otf in Resources */ = {isa = PBXBuildFile; fileRef = 40501DE52548F45100E4D65E /* SF-Pro-Text-Black.otf */; };
		40501DF82548F45200E4D65E /* SF-Pro-Text-Regular.otf in Resources */ = {isa = PBXBuildFile; fileRef = 40501DE62548F45100E4D65E /* SF-Pro-Text-Regular.otf */; };
		40501DF92548F45200E4D65E /* SF-Pro-Text-LightItalic.otf in Resources */ = {isa = PBXBuildFile; fileRef = 40501DE72548F45100E4D65E /* SF-Pro-Text-LightItalic.otf */; };
		40501DFA2548F45200E4D65E /* SF-Pro-Text-UltralightItalic.otf in Resources */ = {isa = PBXBuildFile; fileRef = 40501DE82548F45100E4D65E /* SF-Pro-Text-UltralightItalic.otf */; };
		40501DFB2548F45200E4D65E /* SF-Pro-Text-Thin.otf in Resources */ = {isa = PBXBuildFile; fileRef = 40501DE92548F45100E4D65E /* SF-Pro-Text-Thin.otf */; };
		40501DFC2548F45200E4D65E /* SF-Pro-Text-ThinItalic.otf in Resources */ = {isa = PBXBuildFile; fileRef = 40501DEA2548F45100E4D65E /* SF-Pro-Text-ThinItalic.otf */; };
		40501DFD2548F45200E4D65E /* SF-Pro-Text-MediumItalic.otf in Resources */ = {isa = PBXBuildFile; fileRef = 40501DEB2548F45100E4D65E /* SF-Pro-Text-MediumItalic.otf */; };
		40501DFE2548F45200E4D65E /* SF-Pro-Text-BoldItalic.otf in Resources */ = {isa = PBXBuildFile; fileRef = 40501DEC2548F45100E4D65E /* SF-Pro-Text-BoldItalic.otf */; };
		40501DFF2548F45200E4D65E /* SF-Pro-Text-Light.otf in Resources */ = {isa = PBXBuildFile; fileRef = 40501DED2548F45100E4D65E /* SF-Pro-Text-Light.otf */; };
		40501E002548F45200E4D65E /* SF-Pro-Text-Ultralight.otf in Resources */ = {isa = PBXBuildFile; fileRef = 40501DEE2548F45100E4D65E /* SF-Pro-Text-Ultralight.otf */; };
		40501E012548F45200E4D65E /* SF-Pro-Text-RegularItalic.otf in Resources */ = {isa = PBXBuildFile; fileRef = 40501DEF2548F45100E4D65E /* SF-Pro-Text-RegularItalic.otf */; };
		40501E022548F45200E4D65E /* SF-Pro-Text-Heavy.otf in Resources */ = {isa = PBXBuildFile; fileRef = 40501DF02548F45100E4D65E /* SF-Pro-Text-Heavy.otf */; };
		405C32A325B11E8F00EE1420 /* GroupsUserWidget.swift in Sources */ = {isa = PBXBuildFile; fileRef = 405C32A225B11E8F00EE1420 /* GroupsUserWidget.swift */; };
		405C32A725B3CC4100EE1420 /* hollywood.jpg in Resources */ = {isa = PBXBuildFile; fileRef = 405C32A525B3CC4000EE1420 /* hollywood.jpg */; };
		405C32A825B3CC4100EE1420 /* cali.jpg in Resources */ = {isa = PBXBuildFile; fileRef = 405C32A625B3CC4100EE1420 /* cali.jpg */; };
		405C32AB25B3D8A100EE1420 /* GroupsChatWidget.swift in Sources */ = {isa = PBXBuildFile; fileRef = 405C32AA25B3D8A100EE1420 /* GroupsChatWidget.swift */; };
		405C32D125B66B5E00EE1420 /* AirbnbCerealLight.ttf in Resources */ = {isa = PBXBuildFile; fileRef = 405C32B025B66AFE00EE1420 /* AirbnbCerealLight.ttf */; };
		405C32D225B66B5E00EE1420 /* AirbnbCerealBlack.ttf in Resources */ = {isa = PBXBuildFile; fileRef = 405C32AD25B66AFD00EE1420 /* AirbnbCerealBlack.ttf */; };
		405C32D325B66B5E00EE1420 /* AirbnbCerealExtraBold.ttf in Resources */ = {isa = PBXBuildFile; fileRef = 405C32B125B66AFE00EE1420 /* AirbnbCerealExtraBold.ttf */; };
		405C32D425B66B5E00EE1420 /* AirbnbCerealMedium.ttf in Resources */ = {isa = PBXBuildFile; fileRef = 405C32AE25B66AFD00EE1420 /* AirbnbCerealMedium.ttf */; };
		405C32D525B66B5E00EE1420 /* AirbnbCerealBold.ttf in Resources */ = {isa = PBXBuildFile; fileRef = 405C32B225B66AFE00EE1420 /* AirbnbCerealBold.ttf */; };
		405C32D625B66B5E00EE1420 /* AirbnbCerealBook.ttf in Resources */ = {isa = PBXBuildFile; fileRef = 405C32AF25B66AFD00EE1420 /* AirbnbCerealBook.ttf */; };
		405C32E625BA4A0600EE1420 /* GroupsGroupsWidget.swift in Sources */ = {isa = PBXBuildFile; fileRef = 405C32E525BA4A0600EE1420 /* GroupsGroupsWidget.swift */; };
		405C32E925BA4A2B00EE1420 /* GroupsRecommendationWidget.swift in Sources */ = {isa = PBXBuildFile; fileRef = 405C32E825BA4A2A00EE1420 /* GroupsRecommendationWidget.swift */; };
		4061C3A62542E43C002DAA70 /* NewGroupView.swift in Sources */ = {isa = PBXBuildFile; fileRef = 4061C3A52542E43C002DAA70 /* NewGroupView.swift */; };
		4061C3AB2542F254002DAA70 /* ExploreView.swift in Sources */ = {isa = PBXBuildFile; fileRef = 4061C3AA2542F254002DAA70 /* ExploreView.swift */; };
		4061C3AD2542F8C9002DAA70 /* UserShowroom.swift in Sources */ = {isa = PBXBuildFile; fileRef = 4061C3AC2542F8C9002DAA70 /* UserShowroom.swift */; };
		4061C3AF254313D4002DAA70 /* AppUserGroup.swift in Sources */ = {isa = PBXBuildFile; fileRef = 4061C3AE254313D4002DAA70 /* AppUserGroup.swift */; };
		4061C3B12543141D002DAA70 /* GroupList.swift in Sources */ = {isa = PBXBuildFile; fileRef = 4061C3B02543141D002DAA70 /* GroupList.swift */; };
		4061C3B3254314D4002DAA70 /* GroupListRowItem.swift in Sources */ = {isa = PBXBuildFile; fileRef = 4061C3B2254314D4002DAA70 /* GroupListRowItem.swift */; };
		4061C3B62545FFC8002DAA70 /* MenuSearch.swift in Sources */ = {isa = PBXBuildFile; fileRef = 4061C3B52545FFC8002DAA70 /* MenuSearch.swift */; };
		4061C3B82546009C002DAA70 /* MenuControl.swift in Sources */ = {isa = PBXBuildFile; fileRef = 4061C3B72546009C002DAA70 /* MenuControl.swift */; };
		4068DFB725BAEB0100937088 /* cali5.jpg in Resources */ = {isa = PBXBuildFile; fileRef = 4068DFAB25BAEAFE00937088 /* cali5.jpg */; };
		4068DFB825BAEB0100937088 /* InNOut1.jpg in Resources */ = {isa = PBXBuildFile; fileRef = 4068DFAC25BAEAFE00937088 /* InNOut1.jpg */; };
		4068DFB925BAEB0100937088 /* cali7.jpg in Resources */ = {isa = PBXBuildFile; fileRef = 4068DFAD25BAEAFF00937088 /* cali7.jpg */; };
		4068DFBA25BAEB0100937088 /* cali9.jpg in Resources */ = {isa = PBXBuildFile; fileRef = 4068DFAE25BAEAFF00937088 /* cali9.jpg */; };
		4068DFBB25BAEB0100937088 /* InNOut2.jpg in Resources */ = {isa = PBXBuildFile; fileRef = 4068DFAF25BAEAFF00937088 /* InNOut2.jpg */; };
		4068DFBC25BAEB0100937088 /* cali2.jpg in Resources */ = {isa = PBXBuildFile; fileRef = 4068DFB025BAEB0000937088 /* cali2.jpg */; };
		4068DFBD25BAEB0100937088 /* cali6.jpg in Resources */ = {isa = PBXBuildFile; fileRef = 4068DFB125BAEB0000937088 /* cali6.jpg */; };
		4068DFBE25BAEB0100937088 /* cali8.jpg in Resources */ = {isa = PBXBuildFile; fileRef = 4068DFB225BAEB0000937088 /* cali8.jpg */; };
		4068DFBF25BAEB0100937088 /* cali4.jpg in Resources */ = {isa = PBXBuildFile; fileRef = 4068DFB325BAEB0000937088 /* cali4.jpg */; };
		4068DFC025BAEB0100937088 /* cali10.jpg in Resources */ = {isa = PBXBuildFile; fileRef = 4068DFB425BAEB0100937088 /* cali10.jpg */; };
		4068DFC125BAEB0100937088 /* cali3.jpg in Resources */ = {isa = PBXBuildFile; fileRef = 4068DFB525BAEB0100937088 /* cali3.jpg */; };
		4068DFC225BAEB0100937088 /* cali1.jpg in Resources */ = {isa = PBXBuildFile; fileRef = 4068DFB625BAEB0100937088 /* cali1.jpg */; };
		406D4BEC254985EF005AB9D8 /* GroupDetailView.swift in Sources */ = {isa = PBXBuildFile; fileRef = 406D4BEB254985EF005AB9D8 /* GroupDetailView.swift */; };
		406D4BF025498A4D005AB9D8 /* MenuUserSelection.swift in Sources */ = {isa = PBXBuildFile; fileRef = 406D4BEF25498A4D005AB9D8 /* MenuUserSelection.swift */; };
		406FED12254BA5ED00DF9AD2 /* Fontspring-DEMO-proximanova-bold.otf in Resources */ = {isa = PBXBuildFile; fileRef = 406FED11254BA5ED00DF9AD2 /* Fontspring-DEMO-proximanova-bold.otf */; };
		406FED14254BA5F900DF9AD2 /* Fontspring-DEMO-proximanova-extrabold.otf in Resources */ = {isa = PBXBuildFile; fileRef = 406FED13254BA5F900DF9AD2 /* Fontspring-DEMO-proximanova-extrabold.otf */; };
		406FED1C254BAC0A00DF9AD2 /* group1.jpg in Resources */ = {isa = PBXBuildFile; fileRef = 406FED15254BAC0900DF9AD2 /* group1.jpg */; };
		406FED1D254BAC0A00DF9AD2 /* group5.jpg in Resources */ = {isa = PBXBuildFile; fileRef = 406FED16254BAC0900DF9AD2 /* group5.jpg */; };
		406FED1E254BAC0A00DF9AD2 /* group2.jpg in Resources */ = {isa = PBXBuildFile; fileRef = 406FED17254BAC0A00DF9AD2 /* group2.jpg */; };
		406FED1F254BAC0A00DF9AD2 /* group3.png in Resources */ = {isa = PBXBuildFile; fileRef = 406FED18254BAC0A00DF9AD2 /* group3.png */; };
		406FED20254BAC0A00DF9AD2 /* group7.jpg in Resources */ = {isa = PBXBuildFile; fileRef = 406FED19254BAC0A00DF9AD2 /* group7.jpg */; };
		406FED21254BAC0A00DF9AD2 /* group4.jpg in Resources */ = {isa = PBXBuildFile; fileRef = 406FED1A254BAC0A00DF9AD2 /* group4.jpg */; };
		406FED22254BAC0A00DF9AD2 /* group6.jpg in Resources */ = {isa = PBXBuildFile; fileRef = 406FED1B254BAC0A00DF9AD2 /* group6.jpg */; };
		40752B8A259241D200DC1247 /* stars.PNG in Resources */ = {isa = PBXBuildFile; fileRef = 40752B89259241D200DC1247 /* stars.PNG */; };
		40752B8E25924AC100DC1247 /* water_2.PNG in Resources */ = {isa = PBXBuildFile; fileRef = 40752B8C25924ABF00DC1247 /* water_2.PNG */; };
		40752B8F25924AC100DC1247 /* water_1.PNG in Resources */ = {isa = PBXBuildFile; fileRef = 40752B8D25924AC000DC1247 /* water_1.PNG */; };
		408AAB812559530700024E43 /* NewGroupUserSelectionView.swift in Sources */ = {isa = PBXBuildFile; fileRef = 408AAB802559530700024E43 /* NewGroupUserSelectionView.swift */; };
		408AAB872559F63300024E43 /* basti3.jpg in Resources */ = {isa = PBXBuildFile; fileRef = 408AAB862559F63300024E43 /* basti3.jpg */; };
		408AAB8D255DFD6E00024E43 /* PageView.swift in Sources */ = {isa = PBXBuildFile; fileRef = 408AAB8C255DFD6E00024E43 /* PageView.swift */; };
		408AAB90255DFDAF00024E43 /* PageViewController.swift in Sources */ = {isa = PBXBuildFile; fileRef = 408AAB8F255DFDAF00024E43 /* PageViewController.swift */; };
		408AAB93255DFFC000024E43 /* PageControl.swift in Sources */ = {isa = PBXBuildFile; fileRef = 408AAB92255DFFC000024E43 /* PageControl.swift */; };
		408AAB99255E040400024E43 /* GroupsMainView.swift in Sources */ = {isa = PBXBuildFile; fileRef = 408AAB98255E040400024E43 /* GroupsMainView.swift */; };
		408EADC32554C76900E04D17 /* MyGroupsView.swift in Sources */ = {isa = PBXBuildFile; fileRef = 408EADC22554C76900E04D17 /* MyGroupsView.swift */; };
		408EADC62554DE8D00E04D17 /* SubMenuLocation.swift in Sources */ = {isa = PBXBuildFile; fileRef = 408EADC52554DE8D00E04D17 /* SubMenuLocation.swift */; };
		408EADCB2554DEDA00E04D17 /* SubMenuCategory.swift in Sources */ = {isa = PBXBuildFile; fileRef = 408EADCA2554DEDA00E04D17 /* SubMenuCategory.swift */; };
		408EADCE255834C300E04D17 /* MapView.swift in Sources */ = {isa = PBXBuildFile; fileRef = 408EADCD255834C300E04D17 /* MapView.swift */; };
		408EAE022558E35B00E04D17 /* GroupTailItem.swift in Sources */ = {isa = PBXBuildFile; fileRef = 408EAE012558E35B00E04D17 /* GroupTailItem.swift */; };
		409836E52546382F004ABBDA /* ButtonBarView.swift in Sources */ = {isa = PBXBuildFile; fileRef = 409836E42546382F004ABBDA /* ButtonBarView.swift */; };
		409836E725464F42004ABBDA /* essen4.jpg in Resources */ = {isa = PBXBuildFile; fileRef = 409836E625464F42004ABBDA /* essen4.jpg */; };
		409836E925464F50004ABBDA /* entertainment2.jpg in Resources */ = {isa = PBXBuildFile; fileRef = 409836E825464F50004ABBDA /* entertainment2.jpg */; };
		409836EB25464F55004ABBDA /* entertainment3.jpg in Resources */ = {isa = PBXBuildFile; fileRef = 409836EA25464F55004ABBDA /* entertainment3.jpg */; };
		409836ED25464FAC004ABBDA /* essen5.jpg in Resources */ = {isa = PBXBuildFile; fileRef = 409836EC25464FAC004ABBDA /* essen5.jpg */; };
		409836F025465106004ABBDA /* sport3.jpg in Resources */ = {isa = PBXBuildFile; fileRef = 409836EE25465106004ABBDA /* sport3.jpg */; };
		409836F125465106004ABBDA /* sport4.jpg in Resources */ = {isa = PBXBuildFile; fileRef = 409836EF25465106004ABBDA /* sport4.jpg */; };
		409836F3254652AE004ABBDA /* Session.swift in Sources */ = {isa = PBXBuildFile; fileRef = 409836F2254652AE004ABBDA /* Session.swift */; };
		409836F525465380004ABBDA /* Settings.swift in Sources */ = {isa = PBXBuildFile; fileRef = 409836F425465380004ABBDA /* Settings.swift */; };
		4098F0C22546C84B007225FD /* Coniferous-Demo-Medium.otf in Resources */ = {isa = PBXBuildFile; fileRef = 4098F0BC2546C7A2007225FD /* Coniferous-Demo-Medium.otf */; };
		4098F0C32546C84B007225FD /* Coniferous-Demo-Bold.otf in Resources */ = {isa = PBXBuildFile; fileRef = 4098F0BE2546C7A2007225FD /* Coniferous-Demo-Bold.otf */; };
		4098F0C42546C84B007225FD /* Coniferous-Demo-Regular.otf in Resources */ = {isa = PBXBuildFile; fileRef = 4098F0BF2546C7A2007225FD /* Coniferous-Demo-Regular.otf */; };
		4098F0C52546C84B007225FD /* Coniferous-Demo-Thin.otf in Resources */ = {isa = PBXBuildFile; fileRef = 4098F0C12546C7A2007225FD /* Coniferous-Demo-Thin.otf */; };
		4098F0C62546C84B007225FD /* Coniferous-Demo-Black.otf in Resources */ = {isa = PBXBuildFile; fileRef = 4098F0BD2546C7A2007225FD /* Coniferous-Demo-Black.otf */; };
		4098F0C72546C84B007225FD /* Coniferous-Demo-Light.otf in Resources */ = {isa = PBXBuildFile; fileRef = 4098F0C02546C7A2007225FD /* Coniferous-Demo-Light.otf */; };
		4098F0C92546C95E007225FD /* coconut_punch.otf in Resources */ = {isa = PBXBuildFile; fileRef = 4098F0C82546C95E007225FD /* coconut_punch.otf */; };
		4098F0CB2546CFBB007225FD /* Flamingos-axxOg.ttf in Resources */ = {isa = PBXBuildFile; fileRef = 4098F0CA2546CFB8007225FD /* Flamingos-axxOg.ttf */; };
		4098F0DE2546D06B007225FD /* SF-Pro-Display-MediumItalic.otf in Resources */ = {isa = PBXBuildFile; fileRef = 4098F0CC2546D067007225FD /* SF-Pro-Display-MediumItalic.otf */; };
		4098F0DF2546D06B007225FD /* SF-Pro-Display-Medium.otf in Resources */ = {isa = PBXBuildFile; fileRef = 4098F0CD2546D067007225FD /* SF-Pro-Display-Medium.otf */; };
		4098F0E02546D06B007225FD /* SF-Pro-Display-BlackItalic.otf in Resources */ = {isa = PBXBuildFile; fileRef = 4098F0CE2546D068007225FD /* SF-Pro-Display-BlackItalic.otf */; };
		4098F0E12546D06B007225FD /* SF-Pro-Display-Heavy.otf in Resources */ = {isa = PBXBuildFile; fileRef = 4098F0CF2546D068007225FD /* SF-Pro-Display-Heavy.otf */; };
		4098F0E22546D06B007225FD /* SF-Pro-Display-Regular.otf in Resources */ = {isa = PBXBuildFile; fileRef = 4098F0D02546D068007225FD /* SF-Pro-Display-Regular.otf */; };
		4098F0E32546D06B007225FD /* SF-Pro-Display-HeavyItalic.otf in Resources */ = {isa = PBXBuildFile; fileRef = 4098F0D12546D068007225FD /* SF-Pro-Display-HeavyItalic.otf */; };
		4098F0E42546D06B007225FD /* SF-Pro-Display-LightItalic.otf in Resources */ = {isa = PBXBuildFile; fileRef = 4098F0D22546D068007225FD /* SF-Pro-Display-LightItalic.otf */; };
		4098F0E52546D06B007225FD /* SF-Pro-Display-Light.otf in Resources */ = {isa = PBXBuildFile; fileRef = 4098F0D32546D068007225FD /* SF-Pro-Display-Light.otf */; };
		4098F0E62546D06B007225FD /* SF-Pro-Display-Bold.otf in Resources */ = {isa = PBXBuildFile; fileRef = 4098F0D42546D069007225FD /* SF-Pro-Display-Bold.otf */; };
		4098F0E72546D06B007225FD /* SF-Pro-Display-SemiboldItalic.otf in Resources */ = {isa = PBXBuildFile; fileRef = 4098F0D52546D069007225FD /* SF-Pro-Display-SemiboldItalic.otf */; };
		4098F0E82546D06B007225FD /* SF-Pro-Display-Ultralight.otf in Resources */ = {isa = PBXBuildFile; fileRef = 4098F0D62546D069007225FD /* SF-Pro-Display-Ultralight.otf */; };
		4098F0E92546D06B007225FD /* SF-Pro-Display-ThinItalic.otf in Resources */ = {isa = PBXBuildFile; fileRef = 4098F0D72546D06A007225FD /* SF-Pro-Display-ThinItalic.otf */; };
		4098F0EA2546D06B007225FD /* SF-Pro-Display-UltralightItalic.otf in Resources */ = {isa = PBXBuildFile; fileRef = 4098F0D82546D06A007225FD /* SF-Pro-Display-UltralightItalic.otf */; };
		4098F0EB2546D06B007225FD /* SF-Pro-Display-Semibold.otf in Resources */ = {isa = PBXBuildFile; fileRef = 4098F0D92546D06A007225FD /* SF-Pro-Display-Semibold.otf */; };
		4098F0EC2546D06B007225FD /* SF-Pro-Display-RegularItalic.otf in Resources */ = {isa = PBXBuildFile; fileRef = 4098F0DA2546D06A007225FD /* SF-Pro-Display-RegularItalic.otf */; };
		4098F0ED2546D06B007225FD /* SF-Pro-Display-Thin.otf in Resources */ = {isa = PBXBuildFile; fileRef = 4098F0DB2546D06A007225FD /* SF-Pro-Display-Thin.otf */; };
		4098F0EE2546D06B007225FD /* SF-Pro-Display-BoldItalic.otf in Resources */ = {isa = PBXBuildFile; fileRef = 4098F0DC2546D06A007225FD /* SF-Pro-Display-BoldItalic.otf */; };
		4098F0EF2546D06B007225FD /* SF-Pro-Display-Black.otf in Resources */ = {isa = PBXBuildFile; fileRef = 4098F0DD2546D06A007225FD /* SF-Pro-Display-Black.otf */; };
		4098F0F125470CB7007225FD /* UserProfileView.swift in Sources */ = {isa = PBXBuildFile; fileRef = 4098F0F025470CB7007225FD /* UserProfileView.swift */; };
		40AAFC14256B3EA20017C2E5 /* UsersListView.swift in Sources */ = {isa = PBXBuildFile; fileRef = 40AAFC13256B3EA20017C2E5 /* UsersListView.swift */; };
		40BFDE9B259D8CAB002387FF /* GoogleService-Info.plist in Resources */ = {isa = PBXBuildFile; fileRef = 40BFDE9A259D8CAB002387FF /* GoogleService-Info.plist */; };
		40BFDEA4259F6F7E002387FF /* GroupItemView.swift in Sources */ = {isa = PBXBuildFile; fileRef = 40BFDEA3259F6F7D002387FF /* GroupItemView.swift */; };
		40BFDEA7259F6FB1002387FF /* GroupUsersChunk.swift in Sources */ = {isa = PBXBuildFile; fileRef = 40BFDEA6259F6FB1002387FF /* GroupUsersChunk.swift */; };
		40E179352540C0850010DE54 /* Playground6App.swift in Sources */ = {isa = PBXBuildFile; fileRef = 40E179342540C0850010DE54 /* Playground6App.swift */; };
		40E179372540C0850010DE54 /* ContentView.swift in Sources */ = {isa = PBXBuildFile; fileRef = 40E179362540C0850010DE54 /* ContentView.swift */; };
		40E179392540C0890010DE54 /* Assets.xcassets in Resources */ = {isa = PBXBuildFile; fileRef = 40E179382540C0890010DE54 /* Assets.xcassets */; };
		40E1793C2540C0890010DE54 /* Preview Assets.xcassets in Resources */ = {isa = PBXBuildFile; fileRef = 40E1793B2540C0890010DE54 /* Preview Assets.xcassets */; };
		40E179472540C0A80010DE54 /* UserComponent.swift in Sources */ = {isa = PBXBuildFile; fileRef = 40E179442540C0A80010DE54 /* UserComponent.swift */; };
		40E179482540C0A80010DE54 /* UserList.swift in Sources */ = {isa = PBXBuildFile; fileRef = 40E179452540C0A80010DE54 /* UserList.swift */; };
		40E179492540C0A80010DE54 /* UserListRowItem.swift in Sources */ = {isa = PBXBuildFile; fileRef = 40E179462540C0A80010DE54 /* UserListRowItem.swift */; };
		40E1795D2540C0BC0010DE54 /* entertainment1.png in Resources */ = {isa = PBXBuildFile; fileRef = 40E1794B2540C0BC0010DE54 /* entertainment1.png */; };
		40E1795E2540C0BC0010DE54 /* entertainment1.jpg in Resources */ = {isa = PBXBuildFile; fileRef = 40E1794C2540C0BC0010DE54 /* entertainment1.jpg */; };
		40E1795F2540C0BC0010DE54 /* sport2.jpg in Resources */ = {isa = PBXBuildFile; fileRef = 40E1794D2540C0BC0010DE54 /* sport2.jpg */; };
		40E179602540C0BC0010DE54 /* basti2.jpg in Resources */ = {isa = PBXBuildFile; fileRef = 40E1794E2540C0BC0010DE54 /* basti2.jpg */; };
		40E179612540C0BC0010DE54 /* carolina.jpg in Resources */ = {isa = PBXBuildFile; fileRef = 40E1794F2540C0BC0010DE54 /* carolina.jpg */; };
		40E179622540C0BC0010DE54 /* carolina.png in Resources */ = {isa = PBXBuildFile; fileRef = 40E179502540C0BC0010DE54 /* carolina.png */; };
		40E179632540C0BC0010DE54 /* katha.png in Resources */ = {isa = PBXBuildFile; fileRef = 40E179512540C0BC0010DE54 /* katha.png */; };
		40E179642540C0BC0010DE54 /* katha.jpg in Resources */ = {isa = PBXBuildFile; fileRef = 40E179522540C0BC0010DE54 /* katha.jpg */; };
		40E179652540C0BC0010DE54 /* essen3.jpeg in Resources */ = {isa = PBXBuildFile; fileRef = 40E179532540C0BC0010DE54 /* essen3.jpeg */; };
		40E179662540C0BC0010DE54 /* basti.png in Resources */ = {isa = PBXBuildFile; fileRef = 40E179542540C0BC0010DE54 /* basti.png */; };
		40E179672540C0BC0010DE54 /* essen2.jpg in Resources */ = {isa = PBXBuildFile; fileRef = 40E179552540C0BC0010DE54 /* essen2.jpg */; };
		40E179682540C0BC0010DE54 /* mira.png in Resources */ = {isa = PBXBuildFile; fileRef = 40E179562540C0BC0010DE54 /* mira.png */; };
		40E179692540C0BC0010DE54 /* mira.jpg in Resources */ = {isa = PBXBuildFile; fileRef = 40E179572540C0BC0010DE54 /* mira.jpg */; };
		40E1796A2540C0BC0010DE54 /* essen3.png in Resources */ = {isa = PBXBuildFile; fileRef = 40E179582540C0BC0010DE54 /* essen3.png */; };
		40E1796B2540C0BC0010DE54 /* essen.jpg in Resources */ = {isa = PBXBuildFile; fileRef = 40E179592540C0BC0010DE54 /* essen.jpg */; };
		40E1796C2540C0BC0010DE54 /* essen3.jpg in Resources */ = {isa = PBXBuildFile; fileRef = 40E1795A2540C0BC0010DE54 /* essen3.jpg */; };
		40E1796D2540C0BC0010DE54 /* appUser.json in Resources */ = {isa = PBXBuildFile; fileRef = 40E1795B2540C0BC0010DE54 /* appUser.json */; };
		40E1796E2540C0BC0010DE54 /* appGroups.json in Resources */ = {isa = PBXBuildFile; fileRef = 40E1795C2540C0BC0010DE54 /* appGroups.json */; };
		40E179702540C0D30010DE54 /* Extensions.swift in Sources */ = {isa = PBXBuildFile; fileRef = 40E1796F2540C0D30010DE54 /* Extensions.swift */; };
		40E179722540C0D70010DE54 /* Data.swift in Sources */ = {isa = PBXBuildFile; fileRef = 40E179712540C0D70010DE54 /* Data.swift */; };
		40E179742540C0F20010DE54 /* AppUser.swift in Sources */ = {isa = PBXBuildFile; fileRef = 40E179732540C0F20010DE54 /* AppUser.swift */; };
		40E179762540C1C90010DE54 /* basti.jpg in Resources */ = {isa = PBXBuildFile; fileRef = 40E179752540C1C90010DE54 /* basti.jpg */; };
		40E1797E254192100010DE54 /* carolina2.jpg in Resources */ = {isa = PBXBuildFile; fileRef = 40E1797B254192100010DE54 /* carolina2.jpg */; };
		40E1797F254192100010DE54 /* katha2.jpg in Resources */ = {isa = PBXBuildFile; fileRef = 40E1797C254192100010DE54 /* katha2.jpg */; };
		40E17980254192100010DE54 /* mira2.jpg in Resources */ = {isa = PBXBuildFile; fileRef = 40E1797D254192100010DE54 /* mira2.jpg */; };
		40E179822541F2AA0010DE54 /* GroupDetails.swift in Sources */ = {isa = PBXBuildFile; fileRef = 40E179812541F2AA0010DE54 /* GroupDetails.swift */; };
		40F70588258ADC05007A6E07 /* PlaceholderView.swift in Sources */ = {isa = PBXBuildFile; fileRef = 40F70587258ADC05007A6E07 /* PlaceholderView.swift */; };
		F434975EFDD034AD13E36A86 /* Pods_Playground6.framework in Frameworks */ = {isa = PBXBuildFile; fileRef = 984E6E12BA831E225E241F4F /* Pods_Playground6.framework */; };
/* End PBXBuildFile section */

/* Begin PBXFileReference section */
		4002B5AC254BA3170083F92C /* Fontspring-DEMO-proximanova-semibold.otf */ = {isa = PBXFileReference; lastKnownFileType = file; name = "Fontspring-DEMO-proximanova-semibold.otf"; path = "../../../Downloads/Demo-Proxima Nova/Demo_Fonts/Fontspring-DEMO-proximanova-semibold.otf"; sourceTree = "<group>"; };
		4002B5AD254BA3170083F92C /* Fontspring-DEMO-proximanova-regular.otf */ = {isa = PBXFileReference; lastKnownFileType = file; name = "Fontspring-DEMO-proximanova-regular.otf"; path = "../../../Downloads/Demo-Proxima Nova/Demo_Fonts/Fontspring-DEMO-proximanova-regular.otf"; sourceTree = "<group>"; };
		4002B5AE254BA3170083F92C /* Fontspring-DEMO-proximanova-medium.otf */ = {isa = PBXFileReference; lastKnownFileType = file; name = "Fontspring-DEMO-proximanova-medium.otf"; path = "../../../Downloads/Demo-Proxima Nova/Demo_Fonts/Fontspring-DEMO-proximanova-medium.otf"; sourceTree = "<group>"; };
		400488E0257DC32B000D0BD5 /* GroupsListView.swift */ = {isa = PBXFileReference; lastKnownFileType = sourcecode.swift; path = GroupsListView.swift; sourceTree = "<group>"; };
		400488E3257DCAFC000D0BD5 /* ToggleView.swift */ = {isa = PBXFileReference; lastKnownFileType = sourcecode.swift; path = ToggleView.swift; sourceTree = "<group>"; };
		402CA535254CCBCB00E06A12 /* UserShowroomAlternative.swift */ = {isa = PBXFileReference; lastKnownFileType = sourcecode.swift; path = UserShowroomAlternative.swift; sourceTree = "<group>"; };
		402E29ED256297A500B2CA3D /* CollectionView.swift */ = {isa = PBXFileReference; lastKnownFileType = sourcecode.swift; path = CollectionView.swift; sourceTree = "<group>"; };
		403160C525ACCE9300317BB4 /* marker.png */ = {isa = PBXFileReference; lastKnownFileType = image.png; path = marker.png; sourceTree = "<group>"; };
		404DA98C257FA25B00E55832 /* UsersMainView.swift */ = {isa = PBXFileReference; lastKnownFileType = sourcecode.swift; path = UsersMainView.swift; sourceTree = "<group>"; };
		404DA9AE2581A0A200E55832 /* SegmentedPicker.swift */ = {isa = PBXFileReference; lastKnownFileType = sourcecode.swift; path = SegmentedPicker.swift; sourceTree = "<group>"; };
		40501DD62547975D00E4D65E /* SearchDeactivatedView.swift */ = {isa = PBXFileReference; lastKnownFileType = sourcecode.swift; path = SearchDeactivatedView.swift; sourceTree = "<group>"; };
		40501DD82547993900E4D65E /* rocket.png */ = {isa = PBXFileReference; lastKnownFileType = image.png; path = rocket.png; sourceTree = "<group>"; };
		40501DDC2548F2B400E4D65E /* SF-Pro-Italic.ttf */ = {isa = PBXFileReference; lastKnownFileType = file; path = "SF-Pro-Italic.ttf"; sourceTree = "<group>"; };
		40501DDD2548F2B400E4D65E /* SF-Pro.ttf */ = {isa = PBXFileReference; lastKnownFileType = file; path = "SF-Pro.ttf"; sourceTree = "<group>"; };
		40501DDF2548F45000E4D65E /* SF-Pro-Text-Medium.otf */ = {isa = PBXFileReference; lastKnownFileType = file; path = "SF-Pro-Text-Medium.otf"; sourceTree = "<group>"; };
		40501DE02548F45000E4D65E /* SF-Pro-Text-BlackItalic.otf */ = {isa = PBXFileReference; lastKnownFileType = file; path = "SF-Pro-Text-BlackItalic.otf"; sourceTree = "<group>"; };
		40501DE12548F45000E4D65E /* SF-Pro-Text-SemiboldItalic.otf */ = {isa = PBXFileReference; lastKnownFileType = file; path = "SF-Pro-Text-SemiboldItalic.otf"; sourceTree = "<group>"; };
		40501DE22548F45000E4D65E /* SF-Pro-Text-Bold.otf */ = {isa = PBXFileReference; lastKnownFileType = file; path = "SF-Pro-Text-Bold.otf"; sourceTree = "<group>"; };
		40501DE32548F45000E4D65E /* SF-Pro-Text-Semibold.otf */ = {isa = PBXFileReference; lastKnownFileType = file; path = "SF-Pro-Text-Semibold.otf"; sourceTree = "<group>"; };
		40501DE42548F45000E4D65E /* SF-Pro-Text-HeavyItalic.otf */ = {isa = PBXFileReference; lastKnownFileType = file; path = "SF-Pro-Text-HeavyItalic.otf"; sourceTree = "<group>"; };
		40501DE52548F45100E4D65E /* SF-Pro-Text-Black.otf */ = {isa = PBXFileReference; lastKnownFileType = file; path = "SF-Pro-Text-Black.otf"; sourceTree = "<group>"; };
		40501DE62548F45100E4D65E /* SF-Pro-Text-Regular.otf */ = {isa = PBXFileReference; lastKnownFileType = file; path = "SF-Pro-Text-Regular.otf"; sourceTree = "<group>"; };
		40501DE72548F45100E4D65E /* SF-Pro-Text-LightItalic.otf */ = {isa = PBXFileReference; lastKnownFileType = file; path = "SF-Pro-Text-LightItalic.otf"; sourceTree = "<group>"; };
		40501DE82548F45100E4D65E /* SF-Pro-Text-UltralightItalic.otf */ = {isa = PBXFileReference; lastKnownFileType = file; path = "SF-Pro-Text-UltralightItalic.otf"; sourceTree = "<group>"; };
		40501DE92548F45100E4D65E /* SF-Pro-Text-Thin.otf */ = {isa = PBXFileReference; lastKnownFileType = file; path = "SF-Pro-Text-Thin.otf"; sourceTree = "<group>"; };
		40501DEA2548F45100E4D65E /* SF-Pro-Text-ThinItalic.otf */ = {isa = PBXFileReference; lastKnownFileType = file; path = "SF-Pro-Text-ThinItalic.otf"; sourceTree = "<group>"; };
		40501DEB2548F45100E4D65E /* SF-Pro-Text-MediumItalic.otf */ = {isa = PBXFileReference; lastKnownFileType = file; path = "SF-Pro-Text-MediumItalic.otf"; sourceTree = "<group>"; };
		40501DEC2548F45100E4D65E /* SF-Pro-Text-BoldItalic.otf */ = {isa = PBXFileReference; lastKnownFileType = file; path = "SF-Pro-Text-BoldItalic.otf"; sourceTree = "<group>"; };
		40501DED2548F45100E4D65E /* SF-Pro-Text-Light.otf */ = {isa = PBXFileReference; lastKnownFileType = file; path = "SF-Pro-Text-Light.otf"; sourceTree = "<group>"; };
		40501DEE2548F45100E4D65E /* SF-Pro-Text-Ultralight.otf */ = {isa = PBXFileReference; lastKnownFileType = file; path = "SF-Pro-Text-Ultralight.otf"; sourceTree = "<group>"; };
		40501DEF2548F45100E4D65E /* SF-Pro-Text-RegularItalic.otf */ = {isa = PBXFileReference; lastKnownFileType = file; path = "SF-Pro-Text-RegularItalic.otf"; sourceTree = "<group>"; };
		40501DF02548F45100E4D65E /* SF-Pro-Text-Heavy.otf */ = {isa = PBXFileReference; lastKnownFileType = file; path = "SF-Pro-Text-Heavy.otf"; sourceTree = "<group>"; };
		405C32A225B11E8F00EE1420 /* GroupsUserWidget.swift */ = {isa = PBXFileReference; lastKnownFileType = sourcecode.swift; path = GroupsUserWidget.swift; sourceTree = "<group>"; };
		405C32A525B3CC4000EE1420 /* hollywood.jpg */ = {isa = PBXFileReference; lastKnownFileType = image.jpeg; path = hollywood.jpg; sourceTree = "<group>"; };
		405C32A625B3CC4100EE1420 /* cali.jpg */ = {isa = PBXFileReference; lastKnownFileType = image.jpeg; path = cali.jpg; sourceTree = "<group>"; };
		405C32AA25B3D8A100EE1420 /* GroupsChatWidget.swift */ = {isa = PBXFileReference; lastKnownFileType = sourcecode.swift; path = GroupsChatWidget.swift; sourceTree = "<group>"; };
		405C32AD25B66AFD00EE1420 /* AirbnbCerealBlack.ttf */ = {isa = PBXFileReference; lastKnownFileType = file; path = AirbnbCerealBlack.ttf; sourceTree = "<group>"; };
		405C32AE25B66AFD00EE1420 /* AirbnbCerealMedium.ttf */ = {isa = PBXFileReference; lastKnownFileType = file; path = AirbnbCerealMedium.ttf; sourceTree = "<group>"; };
		405C32AF25B66AFD00EE1420 /* AirbnbCerealBook.ttf */ = {isa = PBXFileReference; lastKnownFileType = file; path = AirbnbCerealBook.ttf; sourceTree = "<group>"; };
		405C32B025B66AFE00EE1420 /* AirbnbCerealLight.ttf */ = {isa = PBXFileReference; lastKnownFileType = file; path = AirbnbCerealLight.ttf; sourceTree = "<group>"; };
		405C32B125B66AFE00EE1420 /* AirbnbCerealExtraBold.ttf */ = {isa = PBXFileReference; lastKnownFileType = file; path = AirbnbCerealExtraBold.ttf; sourceTree = "<group>"; };
		405C32B225B66AFE00EE1420 /* AirbnbCerealBold.ttf */ = {isa = PBXFileReference; lastKnownFileType = file; path = AirbnbCerealBold.ttf; sourceTree = "<group>"; };
		405C32E525BA4A0600EE1420 /* GroupsGroupsWidget.swift */ = {isa = PBXFileReference; lastKnownFileType = sourcecode.swift; path = GroupsGroupsWidget.swift; sourceTree = "<group>"; };
		405C32E825BA4A2A00EE1420 /* GroupsRecommendationWidget.swift */ = {isa = PBXFileReference; lastKnownFileType = sourcecode.swift; path = GroupsRecommendationWidget.swift; sourceTree = "<group>"; };
		4061C3A52542E43C002DAA70 /* NewGroupView.swift */ = {isa = PBXFileReference; lastKnownFileType = sourcecode.swift; path = NewGroupView.swift; sourceTree = "<group>"; };
		4061C3AA2542F254002DAA70 /* ExploreView.swift */ = {isa = PBXFileReference; lastKnownFileType = sourcecode.swift; path = ExploreView.swift; sourceTree = "<group>"; };
		4061C3AC2542F8C9002DAA70 /* UserShowroom.swift */ = {isa = PBXFileReference; lastKnownFileType = sourcecode.swift; path = UserShowroom.swift; sourceTree = "<group>"; };
		4061C3AE254313D4002DAA70 /* AppUserGroup.swift */ = {isa = PBXFileReference; fileEncoding = 4; lastKnownFileType = sourcecode.swift; path = AppUserGroup.swift; sourceTree = "<group>"; };
		4061C3B02543141D002DAA70 /* GroupList.swift */ = {isa = PBXFileReference; lastKnownFileType = sourcecode.swift; path = GroupList.swift; sourceTree = "<group>"; };
		4061C3B2254314D4002DAA70 /* GroupListRowItem.swift */ = {isa = PBXFileReference; lastKnownFileType = sourcecode.swift; path = GroupListRowItem.swift; sourceTree = "<group>"; };
		4061C3B52545FFC8002DAA70 /* MenuSearch.swift */ = {isa = PBXFileReference; lastKnownFileType = sourcecode.swift; path = MenuSearch.swift; sourceTree = "<group>"; };
		4061C3B72546009C002DAA70 /* MenuControl.swift */ = {isa = PBXFileReference; lastKnownFileType = sourcecode.swift; path = MenuControl.swift; sourceTree = "<group>"; };
		4068DFAB25BAEAFE00937088 /* cali5.jpg */ = {isa = PBXFileReference; lastKnownFileType = image.jpeg; path = cali5.jpg; sourceTree = "<group>"; };
		4068DFAC25BAEAFE00937088 /* InNOut1.jpg */ = {isa = PBXFileReference; lastKnownFileType = image.jpeg; path = InNOut1.jpg; sourceTree = "<group>"; };
		4068DFAD25BAEAFF00937088 /* cali7.jpg */ = {isa = PBXFileReference; lastKnownFileType = image.jpeg; path = cali7.jpg; sourceTree = "<group>"; };
		4068DFAE25BAEAFF00937088 /* cali9.jpg */ = {isa = PBXFileReference; lastKnownFileType = image.jpeg; path = cali9.jpg; sourceTree = "<group>"; };
		4068DFAF25BAEAFF00937088 /* InNOut2.jpg */ = {isa = PBXFileReference; lastKnownFileType = image.jpeg; path = InNOut2.jpg; sourceTree = "<group>"; };
		4068DFB025BAEB0000937088 /* cali2.jpg */ = {isa = PBXFileReference; lastKnownFileType = image.jpeg; path = cali2.jpg; sourceTree = "<group>"; };
		4068DFB125BAEB0000937088 /* cali6.jpg */ = {isa = PBXFileReference; lastKnownFileType = image.jpeg; path = cali6.jpg; sourceTree = "<group>"; };
		4068DFB225BAEB0000937088 /* cali8.jpg */ = {isa = PBXFileReference; lastKnownFileType = image.jpeg; path = cali8.jpg; sourceTree = "<group>"; };
		4068DFB325BAEB0000937088 /* cali4.jpg */ = {isa = PBXFileReference; lastKnownFileType = image.jpeg; path = cali4.jpg; sourceTree = "<group>"; };
		4068DFB425BAEB0100937088 /* cali10.jpg */ = {isa = PBXFileReference; lastKnownFileType = image.jpeg; path = cali10.jpg; sourceTree = "<group>"; };
		4068DFB525BAEB0100937088 /* cali3.jpg */ = {isa = PBXFileReference; lastKnownFileType = image.jpeg; path = cali3.jpg; sourceTree = "<group>"; };
		4068DFB625BAEB0100937088 /* cali1.jpg */ = {isa = PBXFileReference; lastKnownFileType = image.jpeg; path = cali1.jpg; sourceTree = "<group>"; };
		406D4BEB254985EF005AB9D8 /* GroupDetailView.swift */ = {isa = PBXFileReference; lastKnownFileType = sourcecode.swift; path = GroupDetailView.swift; sourceTree = "<group>"; };
		406D4BEF25498A4D005AB9D8 /* MenuUserSelection.swift */ = {isa = PBXFileReference; lastKnownFileType = sourcecode.swift; path = MenuUserSelection.swift; sourceTree = "<group>"; };
		406FED11254BA5ED00DF9AD2 /* Fontspring-DEMO-proximanova-bold.otf */ = {isa = PBXFileReference; lastKnownFileType = file; name = "Fontspring-DEMO-proximanova-bold.otf"; path = "../../../Downloads/Demo-Proxima Nova/Demo_Fonts/Fontspring-DEMO-proximanova-bold.otf"; sourceTree = "<group>"; };
		406FED13254BA5F900DF9AD2 /* Fontspring-DEMO-proximanova-extrabold.otf */ = {isa = PBXFileReference; lastKnownFileType = file; name = "Fontspring-DEMO-proximanova-extrabold.otf"; path = "../../../Downloads/Demo-Proxima Nova/Demo_Fonts/Fontspring-DEMO-proximanova-extrabold.otf"; sourceTree = "<group>"; };
		406FED15254BAC0900DF9AD2 /* group1.jpg */ = {isa = PBXFileReference; lastKnownFileType = image.jpeg; path = group1.jpg; sourceTree = "<group>"; };
		406FED16254BAC0900DF9AD2 /* group5.jpg */ = {isa = PBXFileReference; lastKnownFileType = image.jpeg; path = group5.jpg; sourceTree = "<group>"; };
		406FED17254BAC0A00DF9AD2 /* group2.jpg */ = {isa = PBXFileReference; lastKnownFileType = image.jpeg; path = group2.jpg; sourceTree = "<group>"; };
		406FED18254BAC0A00DF9AD2 /* group3.png */ = {isa = PBXFileReference; lastKnownFileType = image.png; path = group3.png; sourceTree = "<group>"; };
		406FED19254BAC0A00DF9AD2 /* group7.jpg */ = {isa = PBXFileReference; lastKnownFileType = image.jpeg; path = group7.jpg; sourceTree = "<group>"; };
		406FED1A254BAC0A00DF9AD2 /* group4.jpg */ = {isa = PBXFileReference; lastKnownFileType = image.jpeg; path = group4.jpg; sourceTree = "<group>"; };
		406FED1B254BAC0A00DF9AD2 /* group6.jpg */ = {isa = PBXFileReference; lastKnownFileType = image.jpeg; path = group6.jpg; sourceTree = "<group>"; };
		40752B89259241D200DC1247 /* stars.PNG */ = {isa = PBXFileReference; lastKnownFileType = image.png; path = stars.PNG; sourceTree = "<group>"; };
		40752B8C25924ABF00DC1247 /* water_2.PNG */ = {isa = PBXFileReference; lastKnownFileType = image.png; path = water_2.PNG; sourceTree = "<group>"; };
		40752B8D25924AC000DC1247 /* water_1.PNG */ = {isa = PBXFileReference; lastKnownFileType = image.png; path = water_1.PNG; sourceTree = "<group>"; };
		408AAB802559530700024E43 /* NewGroupUserSelectionView.swift */ = {isa = PBXFileReference; lastKnownFileType = sourcecode.swift; path = NewGroupUserSelectionView.swift; sourceTree = "<group>"; };
		408AAB862559F63300024E43 /* basti3.jpg */ = {isa = PBXFileReference; lastKnownFileType = image.jpeg; path = basti3.jpg; sourceTree = "<group>"; };
		408AAB8C255DFD6E00024E43 /* PageView.swift */ = {isa = PBXFileReference; lastKnownFileType = sourcecode.swift; path = PageView.swift; sourceTree = "<group>"; };
		408AAB8F255DFDAF00024E43 /* PageViewController.swift */ = {isa = PBXFileReference; lastKnownFileType = sourcecode.swift; path = PageViewController.swift; sourceTree = "<group>"; };
		408AAB92255DFFC000024E43 /* PageControl.swift */ = {isa = PBXFileReference; lastKnownFileType = sourcecode.swift; path = PageControl.swift; sourceTree = "<group>"; };
		408AAB98255E040400024E43 /* GroupsMainView.swift */ = {isa = PBXFileReference; lastKnownFileType = sourcecode.swift; path = GroupsMainView.swift; sourceTree = "<group>"; };
		408EADC22554C76900E04D17 /* MyGroupsView.swift */ = {isa = PBXFileReference; lastKnownFileType = sourcecode.swift; path = MyGroupsView.swift; sourceTree = "<group>"; };
		408EADC52554DE8D00E04D17 /* SubMenuLocation.swift */ = {isa = PBXFileReference; lastKnownFileType = sourcecode.swift; path = SubMenuLocation.swift; sourceTree = "<group>"; };
		408EADCA2554DEDA00E04D17 /* SubMenuCategory.swift */ = {isa = PBXFileReference; lastKnownFileType = sourcecode.swift; path = SubMenuCategory.swift; sourceTree = "<group>"; };
		408EADCD255834C300E04D17 /* MapView.swift */ = {isa = PBXFileReference; lastKnownFileType = sourcecode.swift; path = MapView.swift; sourceTree = "<group>"; };
		408EAE012558E35B00E04D17 /* GroupTailItem.swift */ = {isa = PBXFileReference; lastKnownFileType = sourcecode.swift; path = GroupTailItem.swift; sourceTree = "<group>"; };
		409836E42546382F004ABBDA /* ButtonBarView.swift */ = {isa = PBXFileReference; fileEncoding = 4; lastKnownFileType = sourcecode.swift; path = ButtonBarView.swift; sourceTree = "<group>"; };
		409836E625464F42004ABBDA /* essen4.jpg */ = {isa = PBXFileReference; lastKnownFileType = image.jpeg; path = essen4.jpg; sourceTree = "<group>"; };
		409836E825464F50004ABBDA /* entertainment2.jpg */ = {isa = PBXFileReference; lastKnownFileType = image.jpeg; path = entertainment2.jpg; sourceTree = "<group>"; };
		409836EA25464F55004ABBDA /* entertainment3.jpg */ = {isa = PBXFileReference; lastKnownFileType = image.jpeg; path = entertainment3.jpg; sourceTree = "<group>"; };
		409836EC25464FAC004ABBDA /* essen5.jpg */ = {isa = PBXFileReference; lastKnownFileType = image.jpeg; path = essen5.jpg; sourceTree = "<group>"; };
		409836EE25465106004ABBDA /* sport3.jpg */ = {isa = PBXFileReference; lastKnownFileType = image.jpeg; path = sport3.jpg; sourceTree = "<group>"; };
		409836EF25465106004ABBDA /* sport4.jpg */ = {isa = PBXFileReference; lastKnownFileType = image.jpeg; path = sport4.jpg; sourceTree = "<group>"; };
		409836F2254652AE004ABBDA /* Session.swift */ = {isa = PBXFileReference; lastKnownFileType = sourcecode.swift; path = Session.swift; sourceTree = "<group>"; };
		409836F425465380004ABBDA /* Settings.swift */ = {isa = PBXFileReference; lastKnownFileType = sourcecode.swift; path = Settings.swift; sourceTree = "<group>"; };
		4098F0BC2546C7A2007225FD /* Coniferous-Demo-Medium.otf */ = {isa = PBXFileReference; lastKnownFileType = file; path = "Coniferous-Demo-Medium.otf"; sourceTree = "<group>"; };
		4098F0BD2546C7A2007225FD /* Coniferous-Demo-Black.otf */ = {isa = PBXFileReference; lastKnownFileType = file; path = "Coniferous-Demo-Black.otf"; sourceTree = "<group>"; };
		4098F0BE2546C7A2007225FD /* Coniferous-Demo-Bold.otf */ = {isa = PBXFileReference; lastKnownFileType = file; path = "Coniferous-Demo-Bold.otf"; sourceTree = "<group>"; };
		4098F0BF2546C7A2007225FD /* Coniferous-Demo-Regular.otf */ = {isa = PBXFileReference; lastKnownFileType = file; path = "Coniferous-Demo-Regular.otf"; sourceTree = "<group>"; };
		4098F0C02546C7A2007225FD /* Coniferous-Demo-Light.otf */ = {isa = PBXFileReference; lastKnownFileType = file; path = "Coniferous-Demo-Light.otf"; sourceTree = "<group>"; };
		4098F0C12546C7A2007225FD /* Coniferous-Demo-Thin.otf */ = {isa = PBXFileReference; lastKnownFileType = file; path = "Coniferous-Demo-Thin.otf"; sourceTree = "<group>"; };
		4098F0C82546C95E007225FD /* coconut_punch.otf */ = {isa = PBXFileReference; lastKnownFileType = file; path = coconut_punch.otf; sourceTree = "<group>"; };
		4098F0CA2546CFB8007225FD /* Flamingos-axxOg.ttf */ = {isa = PBXFileReference; lastKnownFileType = file; path = "Flamingos-axxOg.ttf"; sourceTree = "<group>"; };
		4098F0CC2546D067007225FD /* SF-Pro-Display-MediumItalic.otf */ = {isa = PBXFileReference; lastKnownFileType = file; path = "SF-Pro-Display-MediumItalic.otf"; sourceTree = "<group>"; };
		4098F0CD2546D067007225FD /* SF-Pro-Display-Medium.otf */ = {isa = PBXFileReference; lastKnownFileType = file; path = "SF-Pro-Display-Medium.otf"; sourceTree = "<group>"; };
		4098F0CE2546D068007225FD /* SF-Pro-Display-BlackItalic.otf */ = {isa = PBXFileReference; lastKnownFileType = file; path = "SF-Pro-Display-BlackItalic.otf"; sourceTree = "<group>"; };
		4098F0CF2546D068007225FD /* SF-Pro-Display-Heavy.otf */ = {isa = PBXFileReference; lastKnownFileType = file; path = "SF-Pro-Display-Heavy.otf"; sourceTree = "<group>"; };
		4098F0D02546D068007225FD /* SF-Pro-Display-Regular.otf */ = {isa = PBXFileReference; lastKnownFileType = file; path = "SF-Pro-Display-Regular.otf"; sourceTree = "<group>"; };
		4098F0D12546D068007225FD /* SF-Pro-Display-HeavyItalic.otf */ = {isa = PBXFileReference; lastKnownFileType = file; path = "SF-Pro-Display-HeavyItalic.otf"; sourceTree = "<group>"; };
		4098F0D22546D068007225FD /* SF-Pro-Display-LightItalic.otf */ = {isa = PBXFileReference; lastKnownFileType = file; path = "SF-Pro-Display-LightItalic.otf"; sourceTree = "<group>"; };
		4098F0D32546D068007225FD /* SF-Pro-Display-Light.otf */ = {isa = PBXFileReference; lastKnownFileType = file; path = "SF-Pro-Display-Light.otf"; sourceTree = "<group>"; };
		4098F0D42546D069007225FD /* SF-Pro-Display-Bold.otf */ = {isa = PBXFileReference; lastKnownFileType = file; path = "SF-Pro-Display-Bold.otf"; sourceTree = "<group>"; };
		4098F0D52546D069007225FD /* SF-Pro-Display-SemiboldItalic.otf */ = {isa = PBXFileReference; lastKnownFileType = file; path = "SF-Pro-Display-SemiboldItalic.otf"; sourceTree = "<group>"; };
		4098F0D62546D069007225FD /* SF-Pro-Display-Ultralight.otf */ = {isa = PBXFileReference; lastKnownFileType = file; path = "SF-Pro-Display-Ultralight.otf"; sourceTree = "<group>"; };
		4098F0D72546D06A007225FD /* SF-Pro-Display-ThinItalic.otf */ = {isa = PBXFileReference; lastKnownFileType = file; path = "SF-Pro-Display-ThinItalic.otf"; sourceTree = "<group>"; };
		4098F0D82546D06A007225FD /* SF-Pro-Display-UltralightItalic.otf */ = {isa = PBXFileReference; lastKnownFileType = file; path = "SF-Pro-Display-UltralightItalic.otf"; sourceTree = "<group>"; };
		4098F0D92546D06A007225FD /* SF-Pro-Display-Semibold.otf */ = {isa = PBXFileReference; lastKnownFileType = file; path = "SF-Pro-Display-Semibold.otf"; sourceTree = "<group>"; };
		4098F0DA2546D06A007225FD /* SF-Pro-Display-RegularItalic.otf */ = {isa = PBXFileReference; lastKnownFileType = file; path = "SF-Pro-Display-RegularItalic.otf"; sourceTree = "<group>"; };
		4098F0DB2546D06A007225FD /* SF-Pro-Display-Thin.otf */ = {isa = PBXFileReference; lastKnownFileType = file; path = "SF-Pro-Display-Thin.otf"; sourceTree = "<group>"; };
		4098F0DC2546D06A007225FD /* SF-Pro-Display-BoldItalic.otf */ = {isa = PBXFileReference; lastKnownFileType = file; path = "SF-Pro-Display-BoldItalic.otf"; sourceTree = "<group>"; };
		4098F0DD2546D06A007225FD /* SF-Pro-Display-Black.otf */ = {isa = PBXFileReference; lastKnownFileType = file; path = "SF-Pro-Display-Black.otf"; sourceTree = "<group>"; };
		4098F0F025470CB7007225FD /* UserProfileView.swift */ = {isa = PBXFileReference; lastKnownFileType = sourcecode.swift; path = UserProfileView.swift; sourceTree = "<group>"; };
		40AAFC13256B3EA20017C2E5 /* UsersListView.swift */ = {isa = PBXFileReference; lastKnownFileType = sourcecode.swift; path = UsersListView.swift; sourceTree = "<group>"; };
		40BFDE9A259D8CAB002387FF /* GoogleService-Info.plist */ = {isa = PBXFileReference; fileEncoding = 4; lastKnownFileType = text.plist.xml; path = "GoogleService-Info.plist"; sourceTree = "<group>"; };
		40BFDEA3259F6F7D002387FF /* GroupItemView.swift */ = {isa = PBXFileReference; lastKnownFileType = sourcecode.swift; path = GroupItemView.swift; sourceTree = "<group>"; };
		40BFDEA6259F6FB1002387FF /* GroupUsersChunk.swift */ = {isa = PBXFileReference; lastKnownFileType = sourcecode.swift; path = GroupUsersChunk.swift; sourceTree = "<group>"; };
		40E179312540C0850010DE54 /* Playground6.app */ = {isa = PBXFileReference; explicitFileType = wrapper.application; includeInIndex = 0; path = Playground6.app; sourceTree = BUILT_PRODUCTS_DIR; };
		40E179342540C0850010DE54 /* Playground6App.swift */ = {isa = PBXFileReference; lastKnownFileType = sourcecode.swift; path = Playground6App.swift; sourceTree = "<group>"; };
		40E179362540C0850010DE54 /* ContentView.swift */ = {isa = PBXFileReference; lastKnownFileType = sourcecode.swift; path = ContentView.swift; sourceTree = "<group>"; };
		40E179382540C0890010DE54 /* Assets.xcassets */ = {isa = PBXFileReference; lastKnownFileType = folder.assetcatalog; path = Assets.xcassets; sourceTree = "<group>"; };
		40E1793B2540C0890010DE54 /* Preview Assets.xcassets */ = {isa = PBXFileReference; lastKnownFileType = folder.assetcatalog; path = "Preview Assets.xcassets"; sourceTree = "<group>"; };
		40E1793D2540C0890010DE54 /* Info.plist */ = {isa = PBXFileReference; lastKnownFileType = text.plist.xml; path = Info.plist; sourceTree = "<group>"; };
		40E179442540C0A80010DE54 /* UserComponent.swift */ = {isa = PBXFileReference; fileEncoding = 4; lastKnownFileType = sourcecode.swift; path = UserComponent.swift; sourceTree = "<group>"; };
		40E179452540C0A80010DE54 /* UserList.swift */ = {isa = PBXFileReference; fileEncoding = 4; lastKnownFileType = sourcecode.swift; path = UserList.swift; sourceTree = "<group>"; };
		40E179462540C0A80010DE54 /* UserListRowItem.swift */ = {isa = PBXFileReference; fileEncoding = 4; lastKnownFileType = sourcecode.swift; path = UserListRowItem.swift; sourceTree = "<group>"; };
		40E1794B2540C0BC0010DE54 /* entertainment1.png */ = {isa = PBXFileReference; lastKnownFileType = image.png; path = entertainment1.png; sourceTree = "<group>"; };
		40E1794C2540C0BC0010DE54 /* entertainment1.jpg */ = {isa = PBXFileReference; lastKnownFileType = image.jpeg; path = entertainment1.jpg; sourceTree = "<group>"; };
		40E1794D2540C0BC0010DE54 /* sport2.jpg */ = {isa = PBXFileReference; lastKnownFileType = image.jpeg; path = sport2.jpg; sourceTree = "<group>"; };
		40E1794E2540C0BC0010DE54 /* basti2.jpg */ = {isa = PBXFileReference; lastKnownFileType = image.jpeg; path = basti2.jpg; sourceTree = "<group>"; };
		40E1794F2540C0BC0010DE54 /* carolina.jpg */ = {isa = PBXFileReference; lastKnownFileType = image.jpeg; path = carolina.jpg; sourceTree = "<group>"; };
		40E179502540C0BC0010DE54 /* carolina.png */ = {isa = PBXFileReference; lastKnownFileType = image.png; path = carolina.png; sourceTree = "<group>"; };
		40E179512540C0BC0010DE54 /* katha.png */ = {isa = PBXFileReference; lastKnownFileType = image.png; path = katha.png; sourceTree = "<group>"; };
		40E179522540C0BC0010DE54 /* katha.jpg */ = {isa = PBXFileReference; lastKnownFileType = image.jpeg; path = katha.jpg; sourceTree = "<group>"; };
		40E179532540C0BC0010DE54 /* essen3.jpeg */ = {isa = PBXFileReference; lastKnownFileType = image.jpeg; path = essen3.jpeg; sourceTree = "<group>"; };
		40E179542540C0BC0010DE54 /* basti.png */ = {isa = PBXFileReference; lastKnownFileType = image.png; path = basti.png; sourceTree = "<group>"; };
		40E179552540C0BC0010DE54 /* essen2.jpg */ = {isa = PBXFileReference; lastKnownFileType = image.jpeg; path = essen2.jpg; sourceTree = "<group>"; };
		40E179562540C0BC0010DE54 /* mira.png */ = {isa = PBXFileReference; lastKnownFileType = image.png; path = mira.png; sourceTree = "<group>"; };
		40E179572540C0BC0010DE54 /* mira.jpg */ = {isa = PBXFileReference; lastKnownFileType = image.jpeg; path = mira.jpg; sourceTree = "<group>"; };
		40E179582540C0BC0010DE54 /* essen3.png */ = {isa = PBXFileReference; lastKnownFileType = image.png; path = essen3.png; sourceTree = "<group>"; };
		40E179592540C0BC0010DE54 /* essen.jpg */ = {isa = PBXFileReference; lastKnownFileType = image.jpeg; path = essen.jpg; sourceTree = "<group>"; };
		40E1795A2540C0BC0010DE54 /* essen3.jpg */ = {isa = PBXFileReference; lastKnownFileType = image.jpeg; path = essen3.jpg; sourceTree = "<group>"; };
		40E1795B2540C0BC0010DE54 /* appUser.json */ = {isa = PBXFileReference; fileEncoding = 4; lastKnownFileType = text.json; path = appUser.json; sourceTree = "<group>"; };
		40E1795C2540C0BC0010DE54 /* appGroups.json */ = {isa = PBXFileReference; fileEncoding = 4; lastKnownFileType = text.json; path = appGroups.json; sourceTree = "<group>"; };
		40E1796F2540C0D30010DE54 /* Extensions.swift */ = {isa = PBXFileReference; fileEncoding = 4; lastKnownFileType = sourcecode.swift; path = Extensions.swift; sourceTree = "<group>"; };
		40E179712540C0D70010DE54 /* Data.swift */ = {isa = PBXFileReference; fileEncoding = 4; lastKnownFileType = sourcecode.swift; path = Data.swift; sourceTree = "<group>"; };
		40E179732540C0F20010DE54 /* AppUser.swift */ = {isa = PBXFileReference; fileEncoding = 4; lastKnownFileType = sourcecode.swift; path = AppUser.swift; sourceTree = "<group>"; };
		40E179752540C1C90010DE54 /* basti.jpg */ = {isa = PBXFileReference; lastKnownFileType = image.jpeg; path = basti.jpg; sourceTree = "<group>"; };
		40E1797B254192100010DE54 /* carolina2.jpg */ = {isa = PBXFileReference; lastKnownFileType = image.jpeg; path = carolina2.jpg; sourceTree = "<group>"; };
		40E1797C254192100010DE54 /* katha2.jpg */ = {isa = PBXFileReference; lastKnownFileType = image.jpeg; path = katha2.jpg; sourceTree = "<group>"; };
		40E1797D254192100010DE54 /* mira2.jpg */ = {isa = PBXFileReference; lastKnownFileType = image.jpeg; path = mira2.jpg; sourceTree = "<group>"; };
		40E179812541F2AA0010DE54 /* GroupDetails.swift */ = {isa = PBXFileReference; lastKnownFileType = sourcecode.swift; path = GroupDetails.swift; sourceTree = "<group>"; };
		40F70587258ADC05007A6E07 /* PlaceholderView.swift */ = {isa = PBXFileReference; lastKnownFileType = sourcecode.swift; path = PlaceholderView.swift; sourceTree = "<group>"; };
		90814542AA14036320A138CC /* Pods-Playground6.debug.xcconfig */ = {isa = PBXFileReference; includeInIndex = 1; lastKnownFileType = text.xcconfig; name = "Pods-Playground6.debug.xcconfig"; path = "Target Support Files/Pods-Playground6/Pods-Playground6.debug.xcconfig"; sourceTree = "<group>"; };
		984E6E12BA831E225E241F4F /* Pods_Playground6.framework */ = {isa = PBXFileReference; explicitFileType = wrapper.framework; includeInIndex = 0; path = Pods_Playground6.framework; sourceTree = BUILT_PRODUCTS_DIR; };
		DB06A5038E8F30EA5BA1320B /* Pods-Playground6.release.xcconfig */ = {isa = PBXFileReference; includeInIndex = 1; lastKnownFileType = text.xcconfig; name = "Pods-Playground6.release.xcconfig"; path = "Target Support Files/Pods-Playground6/Pods-Playground6.release.xcconfig"; sourceTree = "<group>"; };
/* End PBXFileReference section */

/* Begin PBXFrameworksBuildPhase section */
		40E1792E2540C0850010DE54 /* Frameworks */ = {
			isa = PBXFrameworksBuildPhase;
			buildActionMask = 2147483647;
			files = (
				F434975EFDD034AD13E36A86 /* Pods_Playground6.framework in Frameworks */,
				4039E287259D870100C4F3C1 /* WaterfallGrid in Frameworks */,
			);
			runOnlyForDeploymentPostprocessing = 0;
		};
/* End PBXFrameworksBuildPhase section */

/* Begin PBXGroup section */
		313CAB769B130F471C728A7E /* Frameworks */ = {
			isa = PBXGroup;
			children = (
				984E6E12BA831E225E241F4F /* Pods_Playground6.framework */,
			);
			name = Frameworks;
			sourceTree = "<group>";
		};
		40185D402552BFF900C94D2D /* MyGroupsViewFiles */ = {
			isa = PBXGroup;
			children = (
				408EADC22554C76900E04D17 /* MyGroupsView.swift */,
				4061C3B02543141D002DAA70 /* GroupList.swift */,
				4061C3B2254314D4002DAA70 /* GroupListRowItem.swift */,
				408EAE012558E35B00E04D17 /* GroupTailItem.swift */,
			);
			path = MyGroupsViewFiles;
			sourceTree = "<group>";
		};
		405C328325AE6E2800EE1420 /* OtherViews */ = {
			isa = PBXGroup;
			children = (
				409836E42546382F004ABBDA /* ButtonBarView.swift */,
				400488E3257DCAFC000D0BD5 /* ToggleView.swift */,
				40F70587258ADC05007A6E07 /* PlaceholderView.swift */,
			);
			path = OtherViews;
			sourceTree = "<group>";
		};
		405C329925AE7A5900EE1420 /* ChatViewFiles */ = {
			isa = PBXGroup;
			children = (
				4061C3AC2542F8C9002DAA70 /* UserShowroom.swift */,
				402CA535254CCBCB00E06A12 /* UserShowroomAlternative.swift */,
			);
			path = ChatViewFiles;
			sourceTree = "<group>";
		};
		405C329A25AE7AB600EE1420 /* Views */ = {
			isa = PBXGroup;
			children = (
				4061C3A72542F1D3002DAA70 /* ExploreViewFiles */,
				40185D402552BFF900C94D2D /* MyGroupsViewFiles */,
				405C329925AE7A5900EE1420 /* ChatViewFiles */,
				405C329B25AE7B1D00EE1420 /* DetailViewsFiles */,
				4061C3B42545FFAF002DAA70 /* MenuViewsFiles */,
				405C328325AE6E2800EE1420 /* OtherViews */,
			);
			path = Views;
			sourceTree = "<group>";
		};
		405C329B25AE7B1D00EE1420 /* DetailViewsFiles */ = {
			isa = PBXGroup;
			children = (
			);
			path = DetailViewsFiles;
			sourceTree = "<group>";
		};
		4061C3A72542F1D3002DAA70 /* ExploreViewFiles */ = {
			isa = PBXGroup;
			children = (
				4061C3AA2542F254002DAA70 /* ExploreView.swift */,
				40501DD62547975D00E4D65E /* SearchDeactivatedView.swift */,
				40BFDE9E259F6EE1002387FF /* Groups */,
				40BFDE9D259F6EDA002387FF /* Users */,
				40E179432540C0940010DE54 /* NewGroupFiles */,
			);
			path = ExploreViewFiles;
			sourceTree = "<group>";
		};
		4061C3A82542F20E002DAA70 /* Utils */ = {
			isa = PBXGroup;
			children = (
				40E179712540C0D70010DE54 /* Data.swift */,
				40E1796F2540C0D30010DE54 /* Extensions.swift */,
				4061C3B72546009C002DAA70 /* MenuControl.swift */,
				408EADCD255834C300E04D17 /* MapView.swift */,
				408AAB8C255DFD6E00024E43 /* PageView.swift */,
				408AAB92255DFFC000024E43 /* PageControl.swift */,
				408AAB8F255DFDAF00024E43 /* PageViewController.swift */,
				402E29ED256297A500B2CA3D /* CollectionView.swift */,
				404DA9AE2581A0A200E55832 /* SegmentedPicker.swift */,
			);
			path = Utils;
			sourceTree = "<group>";
		};
		4061C3A92542F231002DAA70 /* Models */ = {
			isa = PBXGroup;
			children = (
				409836F2254652AE004ABBDA /* Session.swift */,
				40E179732540C0F20010DE54 /* AppUser.swift */,
				4061C3AE254313D4002DAA70 /* AppUserGroup.swift */,
				409836F425465380004ABBDA /* Settings.swift */,
			);
			path = Models;
			sourceTree = "<group>";
		};
		4061C3B42545FFAF002DAA70 /* MenuViewsFiles */ = {
			isa = PBXGroup;
			children = (
				4061C3B52545FFC8002DAA70 /* MenuSearch.swift */,
				406D4BEF25498A4D005AB9D8 /* MenuUserSelection.swift */,
				408EADC52554DE8D00E04D17 /* SubMenuLocation.swift */,
				408EADCA2554DEDA00E04D17 /* SubMenuCategory.swift */,
			);
			path = MenuViewsFiles;
			sourceTree = "<group>";
		};
		406D4BED254985F7005AB9D8 /* GroupDetails */ = {
			isa = PBXGroup;
			children = (
				406D4BEB254985EF005AB9D8 /* GroupDetailView.swift */,
			);
			path = GroupDetails;
			sourceTree = "<group>";
		};
		406D4BEE2549860B005AB9D8 /* UserProfile */ = {
			isa = PBXGroup;
			children = (
				4098F0F025470CB7007225FD /* UserProfileView.swift */,
			);
			path = UserProfile;
			sourceTree = "<group>";
		};
		4098F0BB2546C776007225FD /* Fonts */ = {
			isa = PBXGroup;
			children = (
				4002B5AE254BA3170083F92C /* Fontspring-DEMO-proximanova-medium.otf */,
				4002B5AD254BA3170083F92C /* Fontspring-DEMO-proximanova-regular.otf */,
				4002B5AC254BA3170083F92C /* Fontspring-DEMO-proximanova-semibold.otf */,
				406FED11254BA5ED00DF9AD2 /* Fontspring-DEMO-proximanova-bold.otf */,
				406FED13254BA5F900DF9AD2 /* Fontspring-DEMO-proximanova-extrabold.otf */,
				40501DE52548F45100E4D65E /* SF-Pro-Text-Black.otf */,
				40501DE02548F45000E4D65E /* SF-Pro-Text-BlackItalic.otf */,
				40501DE22548F45000E4D65E /* SF-Pro-Text-Bold.otf */,
				40501DEC2548F45100E4D65E /* SF-Pro-Text-BoldItalic.otf */,
				40501DF02548F45100E4D65E /* SF-Pro-Text-Heavy.otf */,
				40501DE42548F45000E4D65E /* SF-Pro-Text-HeavyItalic.otf */,
				40501DED2548F45100E4D65E /* SF-Pro-Text-Light.otf */,
				40501DE72548F45100E4D65E /* SF-Pro-Text-LightItalic.otf */,
				40501DDF2548F45000E4D65E /* SF-Pro-Text-Medium.otf */,
				40501DEB2548F45100E4D65E /* SF-Pro-Text-MediumItalic.otf */,
				40501DE62548F45100E4D65E /* SF-Pro-Text-Regular.otf */,
				40501DEF2548F45100E4D65E /* SF-Pro-Text-RegularItalic.otf */,
				40501DE32548F45000E4D65E /* SF-Pro-Text-Semibold.otf */,
				40501DE12548F45000E4D65E /* SF-Pro-Text-SemiboldItalic.otf */,
				405C32AD25B66AFD00EE1420 /* AirbnbCerealBlack.ttf */,
				405C32B225B66AFE00EE1420 /* AirbnbCerealBold.ttf */,
				405C32AF25B66AFD00EE1420 /* AirbnbCerealBook.ttf */,
				405C32B125B66AFE00EE1420 /* AirbnbCerealExtraBold.ttf */,
				405C32B025B66AFE00EE1420 /* AirbnbCerealLight.ttf */,
				405C32AE25B66AFD00EE1420 /* AirbnbCerealMedium.ttf */,
				40501DE92548F45100E4D65E /* SF-Pro-Text-Thin.otf */,
				40501DEA2548F45100E4D65E /* SF-Pro-Text-ThinItalic.otf */,
				40501DEE2548F45100E4D65E /* SF-Pro-Text-Ultralight.otf */,
				40501DE82548F45100E4D65E /* SF-Pro-Text-UltralightItalic.otf */,
				4098F0BD2546C7A2007225FD /* Coniferous-Demo-Black.otf */,
				4098F0BE2546C7A2007225FD /* Coniferous-Demo-Bold.otf */,
				4098F0C02546C7A2007225FD /* Coniferous-Demo-Light.otf */,
				4098F0BC2546C7A2007225FD /* Coniferous-Demo-Medium.otf */,
				4098F0BF2546C7A2007225FD /* Coniferous-Demo-Regular.otf */,
				4098F0C12546C7A2007225FD /* Coniferous-Demo-Thin.otf */,
				4098F0C82546C95E007225FD /* coconut_punch.otf */,
				4098F0CA2546CFB8007225FD /* Flamingos-axxOg.ttf */,
				40501DDC2548F2B400E4D65E /* SF-Pro-Italic.ttf */,
				40501DDD2548F2B400E4D65E /* SF-Pro.ttf */,
				4098F0DD2546D06A007225FD /* SF-Pro-Display-Black.otf */,
				4098F0CE2546D068007225FD /* SF-Pro-Display-BlackItalic.otf */,
				4098F0D42546D069007225FD /* SF-Pro-Display-Bold.otf */,
				4098F0DC2546D06A007225FD /* SF-Pro-Display-BoldItalic.otf */,
				4098F0CF2546D068007225FD /* SF-Pro-Display-Heavy.otf */,
				4098F0D12546D068007225FD /* SF-Pro-Display-HeavyItalic.otf */,
				4098F0D32546D068007225FD /* SF-Pro-Display-Light.otf */,
				4098F0D22546D068007225FD /* SF-Pro-Display-LightItalic.otf */,
				4098F0CD2546D067007225FD /* SF-Pro-Display-Medium.otf */,
				4098F0CC2546D067007225FD /* SF-Pro-Display-MediumItalic.otf */,
				4098F0D02546D068007225FD /* SF-Pro-Display-Regular.otf */,
				4098F0DA2546D06A007225FD /* SF-Pro-Display-RegularItalic.otf */,
				4098F0D92546D06A007225FD /* SF-Pro-Display-Semibold.otf */,
				4098F0D52546D069007225FD /* SF-Pro-Display-SemiboldItalic.otf */,
				4098F0DB2546D06A007225FD /* SF-Pro-Display-Thin.otf */,
				4098F0D72546D06A007225FD /* SF-Pro-Display-ThinItalic.otf */,
				4098F0D62546D069007225FD /* SF-Pro-Display-Ultralight.otf */,
				4098F0D82546D06A007225FD /* SF-Pro-Display-UltralightItalic.otf */,
			);
			path = Fonts;
			sourceTree = "<group>";
		};
		40BFDE9D259F6EDA002387FF /* Users */ = {
			isa = PBXGroup;
			children = (
				404DA98C257FA25B00E55832 /* UsersMainView.swift */,
				40AAFC13256B3EA20017C2E5 /* UsersListView.swift */,
			);
			path = Users;
			sourceTree = "<group>";
		};
		40BFDE9E259F6EE1002387FF /* Groups */ = {
			isa = PBXGroup;
			children = (
				408AAB98255E040400024E43 /* GroupsMainView.swift */,
				400488E0257DC32B000D0BD5 /* GroupsListView.swift */,
				405C32E525BA4A0600EE1420 /* GroupsGroupsWidget.swift */,
				405C32E825BA4A2A00EE1420 /* GroupsRecommendationWidget.swift */,
				405C32A225B11E8F00EE1420 /* GroupsUserWidget.swift */,
				405C32AA25B3D8A100EE1420 /* GroupsChatWidget.swift */,
				40BFDEA3259F6F7D002387FF /* GroupItemView.swift */,
				40BFDEA6259F6FB1002387FF /* GroupUsersChunk.swift */,
				408AAB802559530700024E43 /* NewGroupUserSelectionView.swift */,
			);
			path = Groups;
			sourceTree = "<group>";
		};
		40E179282540C0850010DE54 = {
			isa = PBXGroup;
			children = (
				4098F0BB2546C776007225FD /* Fonts */,
				40E179332540C0850010DE54 /* Playground6 */,
				40E179322540C0850010DE54 /* Products */,
				740972A705F2898E65CD112E /* Pods */,
				313CAB769B130F471C728A7E /* Frameworks */,
			);
			sourceTree = "<group>";
		};
		40E179322540C0850010DE54 /* Products */ = {
			isa = PBXGroup;
			children = (
				40E179312540C0850010DE54 /* Playground6.app */,
			);
			name = Products;
			sourceTree = "<group>";
		};
		40E179332540C0850010DE54 /* Playground6 */ = {
			isa = PBXGroup;
			children = (
				40E179342540C0850010DE54 /* Playground6App.swift */,
				40E179362540C0850010DE54 /* ContentView.swift */,
				406D4BEE2549860B005AB9D8 /* UserProfile */,
				406D4BED254985F7005AB9D8 /* GroupDetails */,
				4061C3A92542F231002DAA70 /* Models */,
				405C329A25AE7AB600EE1420 /* Views */,
				4061C3A82542F20E002DAA70 /* Utils */,
				40E1794A2540C0BC0010DE54 /* Resources */,
				40E179382540C0890010DE54 /* Assets.xcassets */,
				40E1793D2540C0890010DE54 /* Info.plist */,
				40BFDE9A259D8CAB002387FF /* GoogleService-Info.plist */,
				40E1793A2540C0890010DE54 /* Preview Content */,
			);
			path = Playground6;
			sourceTree = "<group>";
		};
		40E1793A2540C0890010DE54 /* Preview Content */ = {
			isa = PBXGroup;
			children = (
				40E1793B2540C0890010DE54 /* Preview Assets.xcassets */,
			);
			path = "Preview Content";
			sourceTree = "<group>";
		};
		40E179432540C0940010DE54 /* NewGroupFiles */ = {
			isa = PBXGroup;
			children = (
				40E179442540C0A80010DE54 /* UserComponent.swift */,
				40E179452540C0A80010DE54 /* UserList.swift */,
				40E179462540C0A80010DE54 /* UserListRowItem.swift */,
				40E179812541F2AA0010DE54 /* GroupDetails.swift */,
				4061C3A52542E43C002DAA70 /* NewGroupView.swift */,
			);
			path = NewGroupFiles;
			sourceTree = "<group>";
		};
		40E1794A2540C0BC0010DE54 /* Resources */ = {
			isa = PBXGroup;
			children = (
				40E1795C2540C0BC0010DE54 /* appGroups.json */,
				40E1795B2540C0BC0010DE54 /* appUser.json */,
				40E179752540C1C90010DE54 /* basti.jpg */,
				403160C525ACCE9300317BB4 /* marker.png */,
				40E179542540C0BC0010DE54 /* basti.png */,
				408AAB862559F63300024E43 /* basti3.jpg */,
				40E1794E2540C0BC0010DE54 /* basti2.jpg */,
				40E1794F2540C0BC0010DE54 /* carolina.jpg */,
				40501DD82547993900E4D65E /* rocket.png */,
				40E179502540C0BC0010DE54 /* carolina.png */,
				406FED15254BAC0900DF9AD2 /* group1.jpg */,
				406FED17254BAC0A00DF9AD2 /* group2.jpg */,
				406FED18254BAC0A00DF9AD2 /* group3.png */,
				40752B89259241D200DC1247 /* stars.PNG */,
				406FED1A254BAC0A00DF9AD2 /* group4.jpg */,
				406FED16254BAC0900DF9AD2 /* group5.jpg */,
				406FED1B254BAC0A00DF9AD2 /* group6.jpg */,
				406FED19254BAC0A00DF9AD2 /* group7.jpg */,
				40E1797B254192100010DE54 /* carolina2.jpg */,
				40E1794C2540C0BC0010DE54 /* entertainment1.jpg */,
				40E1794B2540C0BC0010DE54 /* entertainment1.png */,
				409836E825464F50004ABBDA /* entertainment2.jpg */,
				409836EA25464F55004ABBDA /* entertainment3.jpg */,
				40E179592540C0BC0010DE54 /* essen.jpg */,
				409836EE25465106004ABBDA /* sport3.jpg */,
				409836EF25465106004ABBDA /* sport4.jpg */,
				40E179552540C0BC0010DE54 /* essen2.jpg */,
				40752B8D25924AC000DC1247 /* water_1.PNG */,
				40752B8C25924ABF00DC1247 /* water_2.PNG */,
				40E179532540C0BC0010DE54 /* essen3.jpeg */,
				40E1795A2540C0BC0010DE54 /* essen3.jpg */,
				40E179582540C0BC0010DE54 /* essen3.png */,
				409836E625464F42004ABBDA /* essen4.jpg */,
				409836EC25464FAC004ABBDA /* essen5.jpg */,
				40E179522540C0BC0010DE54 /* katha.jpg */,
				40E179512540C0BC0010DE54 /* katha.png */,
				405C32A625B3CC4100EE1420 /* cali.jpg */,
				405C32A525B3CC4000EE1420 /* hollywood.jpg */,
				40E1797C254192100010DE54 /* katha2.jpg */,
				40E179572540C0BC0010DE54 /* mira.jpg */,
				40E179562540C0BC0010DE54 /* mira.png */,
				40E1797D254192100010DE54 /* mira2.jpg */,
				40E1794D2540C0BC0010DE54 /* sport2.jpg */,
				4068DFB625BAEB0100937088 /* cali1.jpg */,
				4068DFB025BAEB0000937088 /* cali2.jpg */,
				4068DFB525BAEB0100937088 /* cali3.jpg */,
				4068DFB325BAEB0000937088 /* cali4.jpg */,
				4068DFAB25BAEAFE00937088 /* cali5.jpg */,
				4068DFB125BAEB0000937088 /* cali6.jpg */,
				4068DFAD25BAEAFF00937088 /* cali7.jpg */,
				4068DFB225BAEB0000937088 /* cali8.jpg */,
				4068DFAE25BAEAFF00937088 /* cali9.jpg */,
				4068DFB425BAEB0100937088 /* cali10.jpg */,
				4068DFAC25BAEAFE00937088 /* InNOut1.jpg */,
				4068DFAF25BAEAFF00937088 /* InNOut2.jpg */,
			);
			path = Resources;
			sourceTree = "<group>";
		};
		740972A705F2898E65CD112E /* Pods */ = {
			isa = PBXGroup;
			children = (
				90814542AA14036320A138CC /* Pods-Playground6.debug.xcconfig */,
				DB06A5038E8F30EA5BA1320B /* Pods-Playground6.release.xcconfig */,
			);
			path = Pods;
			sourceTree = "<group>";
		};
/* End PBXGroup section */

/* Begin PBXNativeTarget section */
		40E179302540C0850010DE54 /* Playground6 */ = {
			isa = PBXNativeTarget;
			buildConfigurationList = 40E179402540C0890010DE54 /* Build configuration list for PBXNativeTarget "Playground6" */;
			buildPhases = (
				97ADFED17BA8CB345E431FC7 /* [CP] Check Pods Manifest.lock */,
				40E1792D2540C0850010DE54 /* Sources */,
				40E1792E2540C0850010DE54 /* Frameworks */,
				40E1792F2540C0850010DE54 /* Resources */,
				7DABE7086388909D3AC4804B /* [CP] Embed Pods Frameworks */,
			);
			buildRules = (
			);
			dependencies = (
			);
			name = Playground6;
			packageProductDependencies = (
				4039E286259D870100C4F3C1 /* WaterfallGrid */,
			);
			productName = Playground6;
			productReference = 40E179312540C0850010DE54 /* Playground6.app */;
			productType = "com.apple.product-type.application";
		};
/* End PBXNativeTarget section */

/* Begin PBXProject section */
		40E179292540C0850010DE54 /* Project object */ = {
			isa = PBXProject;
			attributes = {
				LastSwiftUpdateCheck = 1200;
				LastUpgradeCheck = 1200;
				TargetAttributes = {
					40E179302540C0850010DE54 = {
						CreatedOnToolsVersion = 12.0;
					};
				};
			};
			buildConfigurationList = 40E1792C2540C0850010DE54 /* Build configuration list for PBXProject "Playground6" */;
			compatibilityVersion = "Xcode 9.3";
			developmentRegion = en;
			hasScannedForEncodings = 0;
			knownRegions = (
				en,
				Base,
			);
			mainGroup = 40E179282540C0850010DE54;
			packageReferences = (
				4039E285259D870100C4F3C1 /* XCRemoteSwiftPackageReference "WaterfallGrid" */,
			);
			productRefGroup = 40E179322540C0850010DE54 /* Products */;
			projectDirPath = "";
			projectRoot = "";
			targets = (
				40E179302540C0850010DE54 /* Playground6 */,
			);
		};
/* End PBXProject section */

/* Begin PBXResourcesBuildPhase section */
		40E1792F2540C0850010DE54 /* Resources */ = {
			isa = PBXResourcesBuildPhase;
			buildActionMask = 2147483647;
			files = (
				4068DFB825BAEB0100937088 /* InNOut1.jpg in Resources */,
				406FED1E254BAC0A00DF9AD2 /* group2.jpg in Resources */,
				40501DF82548F45200E4D65E /* SF-Pro-Text-Regular.otf in Resources */,
				4098F0EB2546D06B007225FD /* SF-Pro-Display-Semibold.otf in Resources */,
				405C32D625B66B5E00EE1420 /* AirbnbCerealBook.ttf in Resources */,
				409836ED25464FAC004ABBDA /* essen5.jpg in Resources */,
				40501DF32548F45200E4D65E /* SF-Pro-Text-SemiboldItalic.otf in Resources */,
				405C32A725B3CC4100EE1420 /* hollywood.jpg in Resources */,
				4098F0E22546D06B007225FD /* SF-Pro-Display-Regular.otf in Resources */,
				4098F0E82546D06B007225FD /* SF-Pro-Display-Ultralight.otf in Resources */,
				4068DFBD25BAEB0100937088 /* cali6.jpg in Resources */,
				406FED21254BAC0A00DF9AD2 /* group4.jpg in Resources */,
				405C32D425B66B5E00EE1420 /* AirbnbCerealMedium.ttf in Resources */,
				40E1796C2540C0BC0010DE54 /* essen3.jpg in Resources */,
				406FED1C254BAC0A00DF9AD2 /* group1.jpg in Resources */,
				406FED1F254BAC0A00DF9AD2 /* group3.png in Resources */,
				40501DF52548F45200E4D65E /* SF-Pro-Text-Semibold.otf in Resources */,
				40E1796B2540C0BC0010DE54 /* essen.jpg in Resources */,
				409836EB25464F55004ABBDA /* entertainment3.jpg in Resources */,
				40E179622540C0BC0010DE54 /* carolina.png in Resources */,
				405C32D225B66B5E00EE1420 /* AirbnbCerealBlack.ttf in Resources */,
				405C32A825B3CC4100EE1420 /* cali.jpg in Resources */,
				40501DFD2548F45200E4D65E /* SF-Pro-Text-MediumItalic.otf in Resources */,
				4098F0C22546C84B007225FD /* Coniferous-Demo-Medium.otf in Resources */,
				4098F0EC2546D06B007225FD /* SF-Pro-Display-RegularItalic.otf in Resources */,
				4068DFBB25BAEB0100937088 /* InNOut2.jpg in Resources */,
				40E179692540C0BC0010DE54 /* mira.jpg in Resources */,
				4002B5B0254BA3250083F92C /* Fontspring-DEMO-proximanova-regular.otf in Resources */,
				40501DFC2548F45200E4D65E /* SF-Pro-Text-ThinItalic.otf in Resources */,
				40E179642540C0BC0010DE54 /* katha.jpg in Resources */,
				4098F0E62546D06B007225FD /* SF-Pro-Display-Bold.otf in Resources */,
				40E179602540C0BC0010DE54 /* basti2.jpg in Resources */,
				40501DFB2548F45200E4D65E /* SF-Pro-Text-Thin.otf in Resources */,
				40E179662540C0BC0010DE54 /* basti.png in Resources */,
				40501DDE2548F2B900E4D65E /* SF-Pro.ttf in Resources */,
				4068DFC025BAEB0100937088 /* cali10.jpg in Resources */,
				40501E012548F45200E4D65E /* SF-Pro-Text-RegularItalic.otf in Resources */,
				4002B5B1254BA3270083F92C /* Fontspring-DEMO-proximanova-semibold.otf in Resources */,
				40E179652540C0BC0010DE54 /* essen3.jpeg in Resources */,
				40E179612540C0BC0010DE54 /* carolina.jpg in Resources */,
				4098F0E02546D06B007225FD /* SF-Pro-Display-BlackItalic.otf in Resources */,
				40501DF92548F45200E4D65E /* SF-Pro-Text-LightItalic.otf in Resources */,
				4098F0C32546C84B007225FD /* Coniferous-Demo-Bold.otf in Resources */,
				4098F0E32546D06B007225FD /* SF-Pro-Display-HeavyItalic.otf in Resources */,
				4098F0ED2546D06B007225FD /* SF-Pro-Display-Thin.otf in Resources */,
				4002B5AF254BA3220083F92C /* Fontspring-DEMO-proximanova-medium.otf in Resources */,
				4068DFC225BAEB0100937088 /* cali1.jpg in Resources */,
				405C32D125B66B5E00EE1420 /* AirbnbCerealLight.ttf in Resources */,
				40752B8A259241D200DC1247 /* stars.PNG in Resources */,
				40E179762540C1C90010DE54 /* basti.jpg in Resources */,
				4098F0E42546D06B007225FD /* SF-Pro-Display-LightItalic.otf in Resources */,
				40E179672540C0BC0010DE54 /* essen2.jpg in Resources */,
				40501DF62548F45200E4D65E /* SF-Pro-Text-HeavyItalic.otf in Resources */,
				40501DF42548F45200E4D65E /* SF-Pro-Text-Bold.otf in Resources */,
				406FED14254BA5F900DF9AD2 /* Fontspring-DEMO-proximanova-extrabold.otf in Resources */,
				406FED12254BA5ED00DF9AD2 /* Fontspring-DEMO-proximanova-bold.otf in Resources */,
				409836E925464F50004ABBDA /* entertainment2.jpg in Resources */,
				405C32D325B66B5E00EE1420 /* AirbnbCerealExtraBold.ttf in Resources */,
				40E17980254192100010DE54 /* mira2.jpg in Resources */,
				40E1795E2540C0BC0010DE54 /* entertainment1.jpg in Resources */,
				40E1797F254192100010DE54 /* katha2.jpg in Resources */,
				406FED1D254BAC0A00DF9AD2 /* group5.jpg in Resources */,
				40501E022548F45200E4D65E /* SF-Pro-Text-Heavy.otf in Resources */,
				4098F0DE2546D06B007225FD /* SF-Pro-Display-MediumItalic.otf in Resources */,
				4098F0E52546D06B007225FD /* SF-Pro-Display-Light.otf in Resources */,
				4068DFB925BAEB0100937088 /* cali7.jpg in Resources */,
				40E179632540C0BC0010DE54 /* katha.png in Resources */,
				409836F025465106004ABBDA /* sport3.jpg in Resources */,
				4098F0E12546D06B007225FD /* SF-Pro-Display-Heavy.otf in Resources */,
				4098F0CB2546CFBB007225FD /* Flamingos-axxOg.ttf in Resources */,
				4098F0C92546C95E007225FD /* coconut_punch.otf in Resources */,
				403160C625ACCE9300317BB4 /* marker.png in Resources */,
				4098F0EF2546D06B007225FD /* SF-Pro-Display-Black.otf in Resources */,
				40501DD92547993900E4D65E /* rocket.png in Resources */,
				4068DFC125BAEB0100937088 /* cali3.jpg in Resources */,
				4098F0DF2546D06B007225FD /* SF-Pro-Display-Medium.otf in Resources */,
				4068DFBF25BAEB0100937088 /* cali4.jpg in Resources */,
				4068DFB725BAEB0100937088 /* cali5.jpg in Resources */,
				40501DF22548F45200E4D65E /* SF-Pro-Text-BlackItalic.otf in Resources */,
				40501DF72548F45200E4D65E /* SF-Pro-Text-Black.otf in Resources */,
				40E1793C2540C0890010DE54 /* Preview Assets.xcassets in Resources */,
				40E179392540C0890010DE54 /* Assets.xcassets in Resources */,
				40E1797E254192100010DE54 /* carolina2.jpg in Resources */,
				409836E725464F42004ABBDA /* essen4.jpg in Resources */,
				4068DFBC25BAEB0100937088 /* cali2.jpg in Resources */,
				4098F0EE2546D06B007225FD /* SF-Pro-Display-BoldItalic.otf in Resources */,
				40501E002548F45200E4D65E /* SF-Pro-Text-Ultralight.otf in Resources */,
				40E1795D2540C0BC0010DE54 /* entertainment1.png in Resources */,
				40E1796E2540C0BC0010DE54 /* appGroups.json in Resources */,
				40501DFF2548F45200E4D65E /* SF-Pro-Text-Light.otf in Resources */,
				40501DFA2548F45200E4D65E /* SF-Pro-Text-UltralightItalic.otf in Resources */,
				406FED20254BAC0A00DF9AD2 /* group7.jpg in Resources */,
				40E1796D2540C0BC0010DE54 /* appUser.json in Resources */,
				40E179682540C0BC0010DE54 /* mira.png in Resources */,
				40E1796A2540C0BC0010DE54 /* essen3.png in Resources */,
				40BFDE9B259D8CAB002387FF /* GoogleService-Info.plist in Resources */,
				4098F0C42546C84B007225FD /* Coniferous-Demo-Regular.otf in Resources */,
				4098F0C62546C84B007225FD /* Coniferous-Demo-Black.otf in Resources */,
				405C32D525B66B5E00EE1420 /* AirbnbCerealBold.ttf in Resources */,
				408AAB872559F63300024E43 /* basti3.jpg in Resources */,
				4098F0C72546C84B007225FD /* Coniferous-Demo-Light.otf in Resources */,
				4068DFBA25BAEB0100937088 /* cali9.jpg in Resources */,
				40752B8E25924AC100DC1247 /* water_2.PNG in Resources */,
				4068DFBE25BAEB0100937088 /* cali8.jpg in Resources */,
				4098F0E72546D06B007225FD /* SF-Pro-Display-SemiboldItalic.otf in Resources */,
				40E1795F2540C0BC0010DE54 /* sport2.jpg in Resources */,
				4098F0C52546C84B007225FD /* Coniferous-Demo-Thin.otf in Resources */,
				40752B8F25924AC100DC1247 /* water_1.PNG in Resources */,
				40501DF12548F45200E4D65E /* SF-Pro-Text-Medium.otf in Resources */,
				4098F0EA2546D06B007225FD /* SF-Pro-Display-UltralightItalic.otf in Resources */,
				406FED22254BAC0A00DF9AD2 /* group6.jpg in Resources */,
				4098F0E92546D06B007225FD /* SF-Pro-Display-ThinItalic.otf in Resources */,
				40501DFE2548F45200E4D65E /* SF-Pro-Text-BoldItalic.otf in Resources */,
				409836F125465106004ABBDA /* sport4.jpg in Resources */,
			);
			runOnlyForDeploymentPostprocessing = 0;
		};
/* End PBXResourcesBuildPhase section */

/* Begin PBXShellScriptBuildPhase section */
		7DABE7086388909D3AC4804B /* [CP] Embed Pods Frameworks */ = {
			isa = PBXShellScriptBuildPhase;
			buildActionMask = 2147483647;
			files = (
			);
			inputFileListPaths = (
				"${PODS_ROOT}/Target Support Files/Pods-Playground6/Pods-Playground6-frameworks-${CONFIGURATION}-input-files.xcfilelist",
			);
			name = "[CP] Embed Pods Frameworks";
			outputFileListPaths = (
				"${PODS_ROOT}/Target Support Files/Pods-Playground6/Pods-Playground6-frameworks-${CONFIGURATION}-output-files.xcfilelist",
			);
			runOnlyForDeploymentPostprocessing = 0;
			shellPath = /bin/sh;
			shellScript = "\"${PODS_ROOT}/Target Support Files/Pods-Playground6/Pods-Playground6-frameworks.sh\"\n";
			showEnvVarsInLog = 0;
		};
		97ADFED17BA8CB345E431FC7 /* [CP] Check Pods Manifest.lock */ = {
			isa = PBXShellScriptBuildPhase;
			buildActionMask = 2147483647;
			files = (
			);
			inputFileListPaths = (
			);
			inputPaths = (
				"${PODS_PODFILE_DIR_PATH}/Podfile.lock",
				"${PODS_ROOT}/Manifest.lock",
			);
			name = "[CP] Check Pods Manifest.lock";
			outputFileListPaths = (
			);
			outputPaths = (
				"$(DERIVED_FILE_DIR)/Pods-Playground6-checkManifestLockResult.txt",
			);
			runOnlyForDeploymentPostprocessing = 0;
			shellPath = /bin/sh;
			shellScript = "diff \"${PODS_PODFILE_DIR_PATH}/Podfile.lock\" \"${PODS_ROOT}/Manifest.lock\" > /dev/null\nif [ $? != 0 ] ; then\n    # print error to STDERR\n    echo \"error: The sandbox is not in sync with the Podfile.lock. Run 'pod install' or update your CocoaPods installation.\" >&2\n    exit 1\nfi\n# This output is used by Xcode 'outputs' to avoid re-running this script phase.\necho \"SUCCESS\" > \"${SCRIPT_OUTPUT_FILE_0}\"\n";
			showEnvVarsInLog = 0;
		};
/* End PBXShellScriptBuildPhase section */

/* Begin PBXSourcesBuildPhase section */
		40E1792D2540C0850010DE54 /* Sources */ = {
			isa = PBXSourcesBuildPhase;
			buildActionMask = 2147483647;
			files = (
				409836F3254652AE004ABBDA /* Session.swift in Sources */,
				4061C3B62545FFC8002DAA70 /* MenuSearch.swift in Sources */,
				40E179742540C0F20010DE54 /* AppUser.swift in Sources */,
				404DA9AF2581A0A200E55832 /* SegmentedPicker.swift in Sources */,
				402CA536254CCBCB00E06A12 /* UserShowroomAlternative.swift in Sources */,
				408EADC62554DE8D00E04D17 /* SubMenuLocation.swift in Sources */,
				4061C3AF254313D4002DAA70 /* AppUserGroup.swift in Sources */,
				40F70588258ADC05007A6E07 /* PlaceholderView.swift in Sources */,
				408AAB99255E040400024E43 /* GroupsMainView.swift in Sources */,
				405C32E925BA4A2B00EE1420 /* GroupsRecommendationWidget.swift in Sources */,
				40E179722540C0D70010DE54 /* Data.swift in Sources */,
				404DA98D257FA25B00E55832 /* UsersMainView.swift in Sources */,
				408EADCE255834C300E04D17 /* MapView.swift in Sources */,
				408AAB8D255DFD6E00024E43 /* PageView.swift in Sources */,
				40AAFC14256B3EA20017C2E5 /* UsersListView.swift in Sources */,
				4061C3B82546009C002DAA70 /* MenuControl.swift in Sources */,
				40E179492540C0A80010DE54 /* UserListRowItem.swift in Sources */,
				4098F0F125470CB7007225FD /* UserProfileView.swift in Sources */,
				4061C3B3254314D4002DAA70 /* GroupListRowItem.swift in Sources */,
				405C32E625BA4A0600EE1420 /* GroupsGroupsWidget.swift in Sources */,
				40E179702540C0D30010DE54 /* Extensions.swift in Sources */,
				408AAB812559530700024E43 /* NewGroupUserSelectionView.swift in Sources */,
				40E179482540C0A80010DE54 /* UserList.swift in Sources */,
				409836E52546382F004ABBDA /* ButtonBarView.swift in Sources */,
				4061C3A62542E43C002DAA70 /* NewGroupView.swift in Sources */,
				408EADC32554C76900E04D17 /* MyGroupsView.swift in Sources */,
				40E179372540C0850010DE54 /* ContentView.swift in Sources */,
				406D4BF025498A4D005AB9D8 /* MenuUserSelection.swift in Sources */,
				40501DD72547975D00E4D65E /* SearchDeactivatedView.swift in Sources */,
				4061C3AB2542F254002DAA70 /* ExploreView.swift in Sources */,
				408EAE022558E35B00E04D17 /* GroupTailItem.swift in Sources */,
				400488E1257DC32B000D0BD5 /* GroupsListView.swift in Sources */,
				405C32A325B11E8F00EE1420 /* GroupsUserWidget.swift in Sources */,
				40E179352540C0850010DE54 /* Playground6App.swift in Sources */,
				40E179822541F2AA0010DE54 /* GroupDetails.swift in Sources */,
				408AAB93255DFFC000024E43 /* PageControl.swift in Sources */,
				40BFDEA7259F6FB1002387FF /* GroupUsersChunk.swift in Sources */,
				4061C3AD2542F8C9002DAA70 /* UserShowroom.swift in Sources */,
				406D4BEC254985EF005AB9D8 /* GroupDetailView.swift in Sources */,
				400488E4257DCAFC000D0BD5 /* ToggleView.swift in Sources */,
				408AAB90255DFDAF00024E43 /* PageViewController.swift in Sources */,
				409836F525465380004ABBDA /* Settings.swift in Sources */,
				40E179472540C0A80010DE54 /* UserComponent.swift in Sources */,
				408EADCB2554DEDA00E04D17 /* SubMenuCategory.swift in Sources */,
				402E29EE256297A500B2CA3D /* CollectionView.swift in Sources */,
				40BFDEA4259F6F7E002387FF /* GroupItemView.swift in Sources */,
				4061C3B12543141D002DAA70 /* GroupList.swift in Sources */,
				405C32AB25B3D8A100EE1420 /* GroupsChatWidget.swift in Sources */,
			);
			runOnlyForDeploymentPostprocessing = 0;
		};
/* End PBXSourcesBuildPhase section */

/* Begin XCBuildConfiguration section */
		40E1793E2540C0890010DE54 /* Debug */ = {
			isa = XCBuildConfiguration;
			buildSettings = {
				ALWAYS_SEARCH_USER_PATHS = NO;
				CLANG_ANALYZER_NONNULL = YES;
				CLANG_ANALYZER_NUMBER_OBJECT_CONVERSION = YES_AGGRESSIVE;
				CLANG_CXX_LANGUAGE_STANDARD = "gnu++14";
				CLANG_CXX_LIBRARY = "libc++";
				CLANG_ENABLE_MODULES = YES;
				CLANG_ENABLE_OBJC_ARC = YES;
				CLANG_ENABLE_OBJC_WEAK = YES;
				CLANG_WARN_BLOCK_CAPTURE_AUTORELEASING = YES;
				CLANG_WARN_BOOL_CONVERSION = YES;
				CLANG_WARN_COMMA = YES;
				CLANG_WARN_CONSTANT_CONVERSION = YES;
				CLANG_WARN_DEPRECATED_OBJC_IMPLEMENTATIONS = YES;
				CLANG_WARN_DIRECT_OBJC_ISA_USAGE = YES_ERROR;
				CLANG_WARN_DOCUMENTATION_COMMENTS = YES;
				CLANG_WARN_EMPTY_BODY = YES;
				CLANG_WARN_ENUM_CONVERSION = YES;
				CLANG_WARN_INFINITE_RECURSION = YES;
				CLANG_WARN_INT_CONVERSION = YES;
				CLANG_WARN_NON_LITERAL_NULL_CONVERSION = YES;
				CLANG_WARN_OBJC_IMPLICIT_RETAIN_SELF = YES;
				CLANG_WARN_OBJC_LITERAL_CONVERSION = YES;
				CLANG_WARN_OBJC_ROOT_CLASS = YES_ERROR;
				CLANG_WARN_QUOTED_INCLUDE_IN_FRAMEWORK_HEADER = YES;
				CLANG_WARN_RANGE_LOOP_ANALYSIS = YES;
				CLANG_WARN_STRICT_PROTOTYPES = YES;
				CLANG_WARN_SUSPICIOUS_MOVE = YES;
				CLANG_WARN_UNGUARDED_AVAILABILITY = YES_AGGRESSIVE;
				CLANG_WARN_UNREACHABLE_CODE = YES;
				CLANG_WARN__DUPLICATE_METHOD_MATCH = YES;
				COPY_PHASE_STRIP = NO;
				DEBUG_INFORMATION_FORMAT = dwarf;
				ENABLE_STRICT_OBJC_MSGSEND = YES;
				ENABLE_TESTABILITY = YES;
				GCC_C_LANGUAGE_STANDARD = gnu11;
				GCC_DYNAMIC_NO_PIC = NO;
				GCC_NO_COMMON_BLOCKS = YES;
				GCC_OPTIMIZATION_LEVEL = 0;
				GCC_PREPROCESSOR_DEFINITIONS = (
					"DEBUG=1",
					"$(inherited)",
				);
				GCC_WARN_64_TO_32_BIT_CONVERSION = YES;
				GCC_WARN_ABOUT_RETURN_TYPE = YES_ERROR;
				GCC_WARN_UNDECLARED_SELECTOR = YES;
				GCC_WARN_UNINITIALIZED_AUTOS = YES_AGGRESSIVE;
				GCC_WARN_UNUSED_FUNCTION = YES;
				GCC_WARN_UNUSED_VARIABLE = YES;
				IPHONEOS_DEPLOYMENT_TARGET = 14.0;
				MTL_ENABLE_DEBUG_INFO = INCLUDE_SOURCE;
				MTL_FAST_MATH = YES;
				ONLY_ACTIVE_ARCH = YES;
				SDKROOT = iphoneos;
				SWIFT_ACTIVE_COMPILATION_CONDITIONS = DEBUG;
				SWIFT_OPTIMIZATION_LEVEL = "-Onone";
			};
			name = Debug;
		};
		40E1793F2540C0890010DE54 /* Release */ = {
			isa = XCBuildConfiguration;
			buildSettings = {
				ALWAYS_SEARCH_USER_PATHS = NO;
				CLANG_ANALYZER_NONNULL = YES;
				CLANG_ANALYZER_NUMBER_OBJECT_CONVERSION = YES_AGGRESSIVE;
				CLANG_CXX_LANGUAGE_STANDARD = "gnu++14";
				CLANG_CXX_LIBRARY = "libc++";
				CLANG_ENABLE_MODULES = YES;
				CLANG_ENABLE_OBJC_ARC = YES;
				CLANG_ENABLE_OBJC_WEAK = YES;
				CLANG_WARN_BLOCK_CAPTURE_AUTORELEASING = YES;
				CLANG_WARN_BOOL_CONVERSION = YES;
				CLANG_WARN_COMMA = YES;
				CLANG_WARN_CONSTANT_CONVERSION = YES;
				CLANG_WARN_DEPRECATED_OBJC_IMPLEMENTATIONS = YES;
				CLANG_WARN_DIRECT_OBJC_ISA_USAGE = YES_ERROR;
				CLANG_WARN_DOCUMENTATION_COMMENTS = YES;
				CLANG_WARN_EMPTY_BODY = YES;
				CLANG_WARN_ENUM_CONVERSION = YES;
				CLANG_WARN_INFINITE_RECURSION = YES;
				CLANG_WARN_INT_CONVERSION = YES;
				CLANG_WARN_NON_LITERAL_NULL_CONVERSION = YES;
				CLANG_WARN_OBJC_IMPLICIT_RETAIN_SELF = YES;
				CLANG_WARN_OBJC_LITERAL_CONVERSION = YES;
				CLANG_WARN_OBJC_ROOT_CLASS = YES_ERROR;
				CLANG_WARN_QUOTED_INCLUDE_IN_FRAMEWORK_HEADER = YES;
				CLANG_WARN_RANGE_LOOP_ANALYSIS = YES;
				CLANG_WARN_STRICT_PROTOTYPES = YES;
				CLANG_WARN_SUSPICIOUS_MOVE = YES;
				CLANG_WARN_UNGUARDED_AVAILABILITY = YES_AGGRESSIVE;
				CLANG_WARN_UNREACHABLE_CODE = YES;
				CLANG_WARN__DUPLICATE_METHOD_MATCH = YES;
				COPY_PHASE_STRIP = NO;
				DEBUG_INFORMATION_FORMAT = "dwarf-with-dsym";
				ENABLE_NS_ASSERTIONS = NO;
				ENABLE_STRICT_OBJC_MSGSEND = YES;
				GCC_C_LANGUAGE_STANDARD = gnu11;
				GCC_NO_COMMON_BLOCKS = YES;
				GCC_WARN_64_TO_32_BIT_CONVERSION = YES;
				GCC_WARN_ABOUT_RETURN_TYPE = YES_ERROR;
				GCC_WARN_UNDECLARED_SELECTOR = YES;
				GCC_WARN_UNINITIALIZED_AUTOS = YES_AGGRESSIVE;
				GCC_WARN_UNUSED_FUNCTION = YES;
				GCC_WARN_UNUSED_VARIABLE = YES;
				IPHONEOS_DEPLOYMENT_TARGET = 14.0;
				MTL_ENABLE_DEBUG_INFO = NO;
				MTL_FAST_MATH = YES;
				SDKROOT = iphoneos;
				SWIFT_COMPILATION_MODE = wholemodule;
				SWIFT_OPTIMIZATION_LEVEL = "-O";
				VALIDATE_PRODUCT = YES;
			};
			name = Release;
		};
		40E179412540C0890010DE54 /* Debug */ = {
			isa = XCBuildConfiguration;
			baseConfigurationReference = 90814542AA14036320A138CC /* Pods-Playground6.debug.xcconfig */;
			buildSettings = {
				ASSETCATALOG_COMPILER_APPICON_NAME = AppIcon;
				ASSETCATALOG_COMPILER_GLOBAL_ACCENT_COLOR_NAME = AccentColor;
				CODE_SIGN_IDENTITY = "Apple Development";
				CODE_SIGN_STYLE = Automatic;
				DEVELOPMENT_ASSET_PATHS = "\"Playground6/Preview Content\"";
				DEVELOPMENT_TEAM = 67XV55K2JH;
				ENABLE_PREVIEWS = YES;
				EXCLUDED_ARCHS = "";
				INFOPLIST_FILE = Playground6/Info.plist;
				IPHONEOS_DEPLOYMENT_TARGET = 14.0;
				LD_RUNPATH_SEARCH_PATHS = (
					"$(inherited)",
					"@executable_path/Frameworks",
				);
				ONLY_ACTIVE_ARCH = YES;
				PRODUCT_BUNDLE_IDENTIFIER = com.sebastianfox.Playground6;
				PRODUCT_NAME = "$(TARGET_NAME)";
				PROVISIONING_PROFILE_SPECIFIER = "";
				SWIFT_VERSION = 5.0;
				TARGETED_DEVICE_FAMILY = 1;
				VALIDATE_PRODUCT = NO;
				VALIDATE_WORKSPACE = YES;
			};
			name = Debug;
		};
		40E179422540C0890010DE54 /* Release */ = {
			isa = XCBuildConfiguration;
			baseConfigurationReference = DB06A5038E8F30EA5BA1320B /* Pods-Playground6.release.xcconfig */;
			buildSettings = {
				ASSETCATALOG_COMPILER_APPICON_NAME = AppIcon;
				ASSETCATALOG_COMPILER_GLOBAL_ACCENT_COLOR_NAME = AccentColor;
				CODE_SIGN_IDENTITY = "Apple Development";
				CODE_SIGN_STYLE = Automatic;
				DEVELOPMENT_ASSET_PATHS = "\"Playground6/Preview Content\"";
				DEVELOPMENT_TEAM = 67XV55K2JH;
				ENABLE_PREVIEWS = YES;
				EXCLUDED_ARCHS = "";
				INFOPLIST_FILE = Playground6/Info.plist;
				IPHONEOS_DEPLOYMENT_TARGET = 14.0;
				LD_RUNPATH_SEARCH_PATHS = (
					"$(inherited)",
					"@executable_path/Frameworks",
				);
				ONLY_ACTIVE_ARCH = YES;
				PRODUCT_BUNDLE_IDENTIFIER = com.sebastianfox.Playground6;
				PRODUCT_NAME = "$(TARGET_NAME)";
				PROVISIONING_PROFILE_SPECIFIER = "";
				SWIFT_VERSION = 5.0;
				TARGETED_DEVICE_FAMILY = 1;
				VALIDATE_PRODUCT = YES;
				VALIDATE_WORKSPACE = YES;
			};
			name = Release;
		};
/* End XCBuildConfiguration section */

/* Begin XCConfigurationList section */
		40E1792C2540C0850010DE54 /* Build configuration list for PBXProject "Playground6" */ = {
			isa = XCConfigurationList;
			buildConfigurations = (
				40E1793E2540C0890010DE54 /* Debug */,
				40E1793F2540C0890010DE54 /* Release */,
			);
			defaultConfigurationIsVisible = 0;
			defaultConfigurationName = Release;
		};
		40E179402540C0890010DE54 /* Build configuration list for PBXNativeTarget "Playground6" */ = {
			isa = XCConfigurationList;
			buildConfigurations = (
				40E179412540C0890010DE54 /* Debug */,
				40E179422540C0890010DE54 /* Release */,
			);
			defaultConfigurationIsVisible = 0;
			defaultConfigurationName = Release;
		};
/* End XCConfigurationList section */

/* Begin XCRemoteSwiftPackageReference section */
		4039E285259D870100C4F3C1 /* XCRemoteSwiftPackageReference "WaterfallGrid" */ = {
			isa = XCRemoteSwiftPackageReference;
			repositoryURL = "https://github.com/paololeonardi/WaterfallGrid.git";
			requirement = {
				kind = upToNextMajorVersion;
				minimumVersion = 1.0.0;
			};
		};
/* End XCRemoteSwiftPackageReference section */

/* Begin XCSwiftPackageProductDependency section */
		4039E286259D870100C4F3C1 /* WaterfallGrid */ = {
			isa = XCSwiftPackageProductDependency;
			package = 4039E285259D870100C4F3C1 /* XCRemoteSwiftPackageReference "WaterfallGrid" */;
			productName = WaterfallGrid;
		};
/* End XCSwiftPackageProductDependency section */
	};
	rootObject = 40E179292540C0850010DE54 /* Project object */;
}
